// !$*UTF8*$!
{
	archiveVersion = 1;
	classes = {
	};
	objectVersion = 45;
	objects = {

/* Begin PBXBuildFile section */
		1D3623260D0F684500981E51 /* DNZOAppDelegate.m in Sources */ = {isa = PBXBuildFile; fileRef = 1D3623250D0F684500981E51 /* DNZOAppDelegate.m */; };
		1D60589B0D05DD56006BFB54 /* main.m in Sources */ = {isa = PBXBuildFile; fileRef = 29B97316FDCFA39411CA2CEA /* main.m */; };
		3416EC260FC22C3D00D8BD53 /* TaskCell.m in Sources */ = {isa = PBXBuildFile; fileRef = 3416EC230FC22C3D00D8BD53 /* TaskCell.m */; };
		3416EC270FC22C3D00D8BD53 /* TaskCellView.m in Sources */ = {isa = PBXBuildFile; fileRef = 3416EC250FC22C3D00D8BD53 /* TaskCellView.m */; };
		3416EC280FC22C3D00D8BD53 /* TaskCell.m in Sources */ = {isa = PBXBuildFile; fileRef = 3416EC230FC22C3D00D8BD53 /* TaskCell.m */; };
		3416EC290FC22C3D00D8BD53 /* TaskCellView.m in Sources */ = {isa = PBXBuildFile; fileRef = 3416EC250FC22C3D00D8BD53 /* TaskCellView.m */; };
		3417469C101523BD00DEBB76 /* Context.m in Sources */ = {isa = PBXBuildFile; fileRef = 34174695101523BD00DEBB76 /* Context.m */; };
		3417469D101523BD00DEBB76 /* Project.m in Sources */ = {isa = PBXBuildFile; fileRef = 34174697101523BD00DEBB76 /* Project.m */; };
		3417469E101523BD00DEBB76 /* Task.m in Sources */ = {isa = PBXBuildFile; fileRef = 34174699101523BD00DEBB76 /* Task.m */; };
		341746A0101523BD00DEBB76 /* Context.m in Sources */ = {isa = PBXBuildFile; fileRef = 34174695101523BD00DEBB76 /* Context.m */; };
		341746A1101523BD00DEBB76 /* Project.m in Sources */ = {isa = PBXBuildFile; fileRef = 34174697101523BD00DEBB76 /* Project.m */; };
		341746A2101523BD00DEBB76 /* Task.m in Sources */ = {isa = PBXBuildFile; fileRef = 34174699101523BD00DEBB76 /* Task.m */; };
		341E1E230FB138F000D5B454 /* TaskViewController.m in Sources */ = {isa = PBXBuildFile; fileRef = 341E1E220FB138F000D5B454 /* TaskViewController.m */; };
		341E1E240FB138F000D5B454 /* TaskViewController.m in Sources */ = {isa = PBXBuildFile; fileRef = 341E1E220FB138F000D5B454 /* TaskViewController.m */; };
		341E1EFF0FB14F2900D5B454 /* EditTaskView.xib in Resources */ = {isa = PBXBuildFile; fileRef = 341E1EFD0FB14F2900D5B454 /* EditTaskView.xib */; };
		341E1F000FB14F2900D5B454 /* TaskView.xib in Resources */ = {isa = PBXBuildFile; fileRef = 341E1EFE0FB14F2900D5B454 /* TaskView.xib */; };
		341E1F010FB14F2900D5B454 /* EditTaskView.xib in Resources */ = {isa = PBXBuildFile; fileRef = 341E1EFD0FB14F2900D5B454 /* EditTaskView.xib */; };
		341E1F020FB14F2900D5B454 /* TaskView.xib in Resources */ = {isa = PBXBuildFile; fileRef = 341E1EFE0FB14F2900D5B454 /* TaskView.xib */; };
		34205CB10FB2641800A9F048 /* TextFieldController.m in Sources */ = {isa = PBXBuildFile; fileRef = 34205CB00FB2641800A9F048 /* TextFieldController.m */; };
		34205CB20FB2641800A9F048 /* TextFieldController.m in Sources */ = {isa = PBXBuildFile; fileRef = 34205CB00FB2641800A9F048 /* TextFieldController.m */; };
		345A19120FBA6F29000BBC22 /* TextViewCell.m in Sources */ = {isa = PBXBuildFile; fileRef = 345A19110FBA6F29000BBC22 /* TextViewCell.m */; };
		345A19130FBA6F29000BBC22 /* TextViewCell.m in Sources */ = {isa = PBXBuildFile; fileRef = 345A19110FBA6F29000BBC22 /* TextViewCell.m */; };
		34770B2A0FAFE45B00AD8397 /* ListViewController.m in Sources */ = {isa = PBXBuildFile; fileRef = 34770B270FAFE45B00AD8397 /* ListViewController.m */; };
		34770B2B0FAFE45B00AD8397 /* MainViewController.m in Sources */ = {isa = PBXBuildFile; fileRef = 34770B290FAFE45B00AD8397 /* MainViewController.m */; };
		34770B2C0FAFE45B00AD8397 /* ListViewController.m in Sources */ = {isa = PBXBuildFile; fileRef = 34770B270FAFE45B00AD8397 /* ListViewController.m */; };
		34770B2D0FAFE45B00AD8397 /* MainViewController.m in Sources */ = {isa = PBXBuildFile; fileRef = 34770B290FAFE45B00AD8397 /* MainViewController.m */; };
		34770B310FAFE4A300AD8397 /* ListView.xib in Resources */ = {isa = PBXBuildFile; fileRef = 34770B2F0FAFE4A300AD8397 /* ListView.xib */; };
		34770B320FAFE4A300AD8397 /* MainWindow.xib in Resources */ = {isa = PBXBuildFile; fileRef = 34770B300FAFE4A300AD8397 /* MainWindow.xib */; };
		34770B350FAFE4C200AD8397 /* TaskTest.m in Sources */ = {isa = PBXBuildFile; fileRef = 34770B340FAFE4C200AD8397 /* TaskTest.m */; };
		34770B440FAFE67B00AD8397 /* icon.png in Resources */ = {isa = PBXBuildFile; fileRef = 34770B430FAFE67B00AD8397 /* icon.png */; };
		34770B5A0FAFED7000AD8397 /* EditViewController.m in Sources */ = {isa = PBXBuildFile; fileRef = 34770B590FAFED7000AD8397 /* EditViewController.m */; };
		348E18D10FA7DE7A00B75000 /* SenTestingKit.framework in Frameworks */ = {isa = PBXBuildFile; fileRef = 348E18D00FA7DE7A00B75000 /* SenTestingKit.framework */; };
		3494869810152A3B00DF81F3 /* TaskList.m in Sources */ = {isa = PBXBuildFile; fileRef = 3494869710152A3B00DF81F3 /* TaskList.m */; };
		3494869910152A3B00DF81F3 /* TaskList.m in Sources */ = {isa = PBXBuildFile; fileRef = 3494869710152A3B00DF81F3 /* TaskList.m */; };
		34B7D83E0FC3860600A91E43 /* checked.png in Resources */ = {isa = PBXBuildFile; fileRef = 34B7D83C0FC3860600A91E43 /* checked.png */; };
		34B7D83F0FC3860600A91E43 /* unchecked.png in Resources */ = {isa = PBXBuildFile; fileRef = 34B7D83D0FC3860600A91E43 /* unchecked.png */; };
		34B7D8400FC3860600A91E43 /* checked.png in Resources */ = {isa = PBXBuildFile; fileRef = 34B7D83C0FC3860600A91E43 /* checked.png */; };
		34B7D8410FC3860600A91E43 /* unchecked.png in Resources */ = {isa = PBXBuildFile; fileRef = 34B7D83D0FC3860600A91E43 /* unchecked.png */; };
		34C51AC40FB92A9D0024A5CD /* EditProjectPicker.m in Sources */ = {isa = PBXBuildFile; fileRef = 34C51AC30FB92A9D0024A5CD /* EditProjectPicker.m */; };
		34C51AC50FB92A9D0024A5CD /* EditProjectPicker.m in Sources */ = {isa = PBXBuildFile; fileRef = 34C51AC30FB92A9D0024A5CD /* EditProjectPicker.m */; };
		34D1B35F0FAE76FE009F90F9 /* libsqlite3.0.dylib in Frameworks */ = {isa = PBXBuildFile; fileRef = 34D1B35E0FAE76FE009F90F9 /* libsqlite3.0.dylib */; };
		34D1B3600FAE76FE009F90F9 /* libsqlite3.0.dylib in Frameworks */ = {isa = PBXBuildFile; fileRef = 34D1B35E0FAE76FE009F90F9 /* libsqlite3.0.dylib */; };
		34FAAB29101141B700B74477 /* Tasks.xcdatamodel in Sources */ = {isa = PBXBuildFile; fileRef = 34FAAB28101141B700B74477 /* Tasks.xcdatamodel */; };
		34FAAB2A101141B700B74477 /* Tasks.xcdatamodel in Sources */ = {isa = PBXBuildFile; fileRef = 34FAAB28101141B700B74477 /* Tasks.xcdatamodel */; };
		34FAABE81011487800B74477 /* Foundation.framework in Frameworks */ = {isa = PBXBuildFile; fileRef = 34FAABE71011487800B74477 /* Foundation.framework */; };
		34FAABE91011487800B74477 /* Foundation.framework in Frameworks */ = {isa = PBXBuildFile; fileRef = 34FAABE71011487800B74477 /* Foundation.framework */; };
		34FAABED101148BC00B74477 /* CoreGraphics.framework in Frameworks */ = {isa = PBXBuildFile; fileRef = 34FAABEC101148BC00B74477 /* CoreGraphics.framework */; };
		34FAABEE101148BC00B74477 /* CoreGraphics.framework in Frameworks */ = {isa = PBXBuildFile; fileRef = 34FAABEC101148BC00B74477 /* CoreGraphics.framework */; };
		34FAABF2101148C400B74477 /* UIKit.framework in Frameworks */ = {isa = PBXBuildFile; fileRef = 34FAABF1101148C400B74477 /* UIKit.framework */; };
		34FAABF3101148C400B74477 /* UIKit.framework in Frameworks */ = {isa = PBXBuildFile; fileRef = 34FAABF1101148C400B74477 /* UIKit.framework */; };
		34FAAC2D1011490B00B74477 /* CoreData.framework in Frameworks */ = {isa = PBXBuildFile; fileRef = 34FAAC2C1011490B00B74477 /* CoreData.framework */; };
		34FAAC2E1011490B00B74477 /* CoreData.framework in Frameworks */ = {isa = PBXBuildFile; fileRef = 34FAAC2C1011490B00B74477 /* CoreData.framework */; };
/* End PBXBuildFile section */

/* Begin PBXFileReference section */
		1D3623240D0F684500981E51 /* DNZOAppDelegate.h */ = {isa = PBXFileReference; fileEncoding = 4; lastKnownFileType = sourcecode.c.h; name = DNZOAppDelegate.h; path = Classes/DNZOAppDelegate.h; sourceTree = "<group>"; };
		1D3623250D0F684500981E51 /* DNZOAppDelegate.m */ = {isa = PBXFileReference; fileEncoding = 4; lastKnownFileType = sourcecode.c.objc; name = DNZOAppDelegate.m; path = Classes/DNZOAppDelegate.m; sourceTree = "<group>"; };
		29B97316FDCFA39411CA2CEA /* main.m */ = {isa = PBXFileReference; fileEncoding = 4; lastKnownFileType = sourcecode.c.objc; path = main.m; sourceTree = "<group>"; };
		3416EC220FC22C3D00D8BD53 /* TaskCell.h */ = {isa = PBXFileReference; fileEncoding = 4; lastKnownFileType = sourcecode.c.h; path = TaskCell.h; sourceTree = "<group>"; };
		3416EC230FC22C3D00D8BD53 /* TaskCell.m */ = {isa = PBXFileReference; fileEncoding = 4; lastKnownFileType = sourcecode.c.objc; path = TaskCell.m; sourceTree = "<group>"; };
		3416EC240FC22C3D00D8BD53 /* TaskCellView.h */ = {isa = PBXFileReference; fileEncoding = 4; lastKnownFileType = sourcecode.c.h; path = TaskCellView.h; sourceTree = "<group>"; };
		3416EC250FC22C3D00D8BD53 /* TaskCellView.m */ = {isa = PBXFileReference; fileEncoding = 4; lastKnownFileType = sourcecode.c.objc; path = TaskCellView.m; sourceTree = "<group>"; };
		34174694101523BD00DEBB76 /* Context.h */ = {isa = PBXFileReference; fileEncoding = 4; lastKnownFileType = sourcecode.c.h; path = Context.h; sourceTree = "<group>"; };
		34174695101523BD00DEBB76 /* Context.m */ = {isa = PBXFileReference; fileEncoding = 4; lastKnownFileType = sourcecode.c.objc; path = Context.m; sourceTree = "<group>"; };
		34174696101523BD00DEBB76 /* Project.h */ = {isa = PBXFileReference; fileEncoding = 4; lastKnownFileType = sourcecode.c.h; path = Project.h; sourceTree = "<group>"; };
		34174697101523BD00DEBB76 /* Project.m */ = {isa = PBXFileReference; fileEncoding = 4; lastKnownFileType = sourcecode.c.objc; path = Project.m; sourceTree = "<group>"; };
		34174698101523BD00DEBB76 /* Task.h */ = {isa = PBXFileReference; fileEncoding = 4; lastKnownFileType = sourcecode.c.h; path = Task.h; sourceTree = "<group>"; };
		34174699101523BD00DEBB76 /* Task.m */ = {isa = PBXFileReference; fileEncoding = 4; lastKnownFileType = sourcecode.c.objc; path = Task.m; sourceTree = "<group>"; };
		341E1E210FB138F000D5B454 /* TaskViewController.h */ = {isa = PBXFileReference; fileEncoding = 4; lastKnownFileType = sourcecode.c.h; name = TaskViewController.h; path = Classes/TaskViewController.h; sourceTree = "<group>"; };
		341E1E220FB138F000D5B454 /* TaskViewController.m */ = {isa = PBXFileReference; fileEncoding = 4; lastKnownFileType = sourcecode.c.objc; name = TaskViewController.m; path = Classes/TaskViewController.m; sourceTree = "<group>"; };
		341E1EFD0FB14F2900D5B454 /* EditTaskView.xib */ = {isa = PBXFileReference; lastKnownFileType = file.xib; name = EditTaskView.xib; path = Resources/EditTaskView.xib; sourceTree = "<group>"; };
		341E1EFE0FB14F2900D5B454 /* TaskView.xib */ = {isa = PBXFileReference; lastKnownFileType = file.xib; name = TaskView.xib; path = Resources/TaskView.xib; sourceTree = "<group>"; };
		34205CAF0FB2641800A9F048 /* TextFieldController.h */ = {isa = PBXFileReference; fileEncoding = 4; lastKnownFileType = sourcecode.c.h; path = TextFieldController.h; sourceTree = "<group>"; };
		34205CB00FB2641800A9F048 /* TextFieldController.m */ = {isa = PBXFileReference; fileEncoding = 4; lastKnownFileType = sourcecode.c.objc; path = TextFieldController.m; sourceTree = "<group>"; };
		345A19100FBA6F29000BBC22 /* TextViewCell.h */ = {isa = PBXFileReference; fileEncoding = 4; lastKnownFileType = sourcecode.c.h; path = TextViewCell.h; sourceTree = "<group>"; };
		345A19110FBA6F29000BBC22 /* TextViewCell.m */ = {isa = PBXFileReference; fileEncoding = 4; lastKnownFileType = sourcecode.c.objc; path = TextViewCell.m; sourceTree = "<group>"; };
		34770B260FAFE45B00AD8397 /* ListViewController.h */ = {isa = PBXFileReference; fileEncoding = 4; lastKnownFileType = sourcecode.c.h; name = ListViewController.h; path = Classes/ListViewController.h; sourceTree = "<group>"; };
		34770B270FAFE45B00AD8397 /* ListViewController.m */ = {isa = PBXFileReference; fileEncoding = 4; lastKnownFileType = sourcecode.c.objc; name = ListViewController.m; path = Classes/ListViewController.m; sourceTree = "<group>"; };
		34770B280FAFE45B00AD8397 /* MainViewController.h */ = {isa = PBXFileReference; fileEncoding = 4; lastKnownFileType = sourcecode.c.h; name = MainViewController.h; path = Classes/MainViewController.h; sourceTree = "<group>"; };
		34770B290FAFE45B00AD8397 /* MainViewController.m */ = {isa = PBXFileReference; fileEncoding = 4; lastKnownFileType = sourcecode.c.objc; name = MainViewController.m; path = Classes/MainViewController.m; sourceTree = "<group>"; };
		34770B2F0FAFE4A300AD8397 /* ListView.xib */ = {isa = PBXFileReference; lastKnownFileType = file.xib; name = ListView.xib; path = Resources/ListView.xib; sourceTree = "<group>"; };
		34770B300FAFE4A300AD8397 /* MainWindow.xib */ = {isa = PBXFileReference; lastKnownFileType = file.xib; name = MainWindow.xib; path = Resources/MainWindow.xib; sourceTree = "<group>"; };
		34770B330FAFE4C200AD8397 /* TaskTest.h */ = {isa = PBXFileReference; fileEncoding = 4; lastKnownFileType = sourcecode.c.h; name = TaskTest.h; path = Test/TaskTest.h; sourceTree = "<group>"; };
		34770B340FAFE4C200AD8397 /* TaskTest.m */ = {isa = PBXFileReference; fileEncoding = 4; lastKnownFileType = sourcecode.c.objc; name = TaskTest.m; path = Test/TaskTest.m; sourceTree = "<group>"; };
		34770B430FAFE67B00AD8397 /* icon.png */ = {isa = PBXFileReference; lastKnownFileType = image.png; name = icon.png; path = Resources/icon.png; sourceTree = "<group>"; };
		34770B580FAFED7000AD8397 /* EditViewController.h */ = {isa = PBXFileReference; fileEncoding = 4; lastKnownFileType = sourcecode.c.h; name = EditViewController.h; path = Classes/EditViewController.h; sourceTree = "<group>"; };
		34770B590FAFED7000AD8397 /* EditViewController.m */ = {isa = PBXFileReference; fileEncoding = 4; lastKnownFileType = sourcecode.c.objc; name = EditViewController.m; path = Classes/EditViewController.m; sourceTree = "<group>"; };
		348E18C60FA7DE1E00B75000 /* Test.octest */ = {isa = PBXFileReference; explicitFileType = wrapper.cfbundle; includeInIndex = 0; path = Test.octest; sourceTree = BUILT_PRODUCTS_DIR; };
		348E18C70FA7DE1E00B75000 /* Test-Info.plist */ = {isa = PBXFileReference; lastKnownFileType = text.plist.xml; path = "Test-Info.plist"; sourceTree = "<group>"; };
		348E18D00FA7DE7A00B75000 /* SenTestingKit.framework */ = {isa = PBXFileReference; lastKnownFileType = wrapper.framework; name = SenTestingKit.framework; path = Library/Frameworks/SenTestingKit.framework; sourceTree = DEVELOPER_DIR; };
		3490B9A60FA7DB15004195D9 /* DNZO_Prefix.pch */ = {isa = PBXFileReference; fileEncoding = 4; lastKnownFileType = sourcecode.c.h; path = DNZO_Prefix.pch; sourceTree = "<group>"; };
		3490B9C20FA7DD60004195D9 /* DNZO.app */ = {isa = PBXFileReference; explicitFileType = wrapper.application; includeInIndex = 0; path = DNZO.app; sourceTree = BUILT_PRODUCTS_DIR; };
		3494869610152A3B00DF81F3 /* TaskList.h */ = {isa = PBXFileReference; fileEncoding = 4; lastKnownFileType = sourcecode.c.h; path = TaskList.h; sourceTree = "<group>"; };
		3494869710152A3B00DF81F3 /* TaskList.m */ = {isa = PBXFileReference; fileEncoding = 4; lastKnownFileType = sourcecode.c.objc; path = TaskList.m; sourceTree = "<group>"; };
		34B7D83C0FC3860600A91E43 /* checked.png */ = {isa = PBXFileReference; lastKnownFileType = image.png; name = checked.png; path = Resources/checked.png; sourceTree = "<group>"; };
		34B7D83D0FC3860600A91E43 /* unchecked.png */ = {isa = PBXFileReference; lastKnownFileType = image.png; name = unchecked.png; path = Resources/unchecked.png; sourceTree = "<group>"; };
		34C51AC20FB92A9D0024A5CD /* EditProjectPicker.h */ = {isa = PBXFileReference; fileEncoding = 4; lastKnownFileType = sourcecode.c.h; path = EditProjectPicker.h; sourceTree = "<group>"; };
		34C51AC30FB92A9D0024A5CD /* EditProjectPicker.m */ = {isa = PBXFileReference; fileEncoding = 4; lastKnownFileType = sourcecode.c.objc; path = EditProjectPicker.m; sourceTree = "<group>"; };
		34D1B35E0FAE76FE009F90F9 /* libsqlite3.0.dylib */ = {isa = PBXFileReference; lastKnownFileType = "compiled.mach-o.dylib"; name = libsqlite3.0.dylib; path = usr/lib/libsqlite3.0.dylib; sourceTree = SDKROOT; };
		34FAAB28101141B700B74477 /* Tasks.xcdatamodel */ = {isa = PBXFileReference; fileEncoding = 4; lastKnownFileType = wrapper.xcdatamodel; path = Tasks.xcdatamodel; sourceTree = "<group>"; };
		34FAABE71011487800B74477 /* Foundation.framework */ = {isa = PBXFileReference; lastKnownFileType = wrapper.framework; name = Foundation.framework; path = System/Library/Frameworks/Foundation.framework; sourceTree = SDKROOT; };
		34FAABEC101148BC00B74477 /* CoreGraphics.framework */ = {isa = PBXFileReference; lastKnownFileType = wrapper.framework; name = CoreGraphics.framework; path = System/Library/Frameworks/CoreGraphics.framework; sourceTree = SDKROOT; };
		34FAABF1101148C400B74477 /* UIKit.framework */ = {isa = PBXFileReference; lastKnownFileType = wrapper.framework; name = UIKit.framework; path = System/Library/Frameworks/UIKit.framework; sourceTree = SDKROOT; };
		34FAAC2C1011490B00B74477 /* CoreData.framework */ = {isa = PBXFileReference; lastKnownFileType = wrapper.framework; name = CoreData.framework; path = System/Library/Frameworks/CoreData.framework; sourceTree = SDKROOT; };
		8D1107310486CEB800E47090 /* Info.plist */ = {isa = PBXFileReference; fileEncoding = 4; lastKnownFileType = text.plist.xml; path = Info.plist; sourceTree = "<group>"; };
/* End PBXFileReference section */

/* Begin PBXFrameworksBuildPhase section */
		1D60588F0D05DD3D006BFB54 /* Frameworks */ = {
			isa = PBXFrameworksBuildPhase;
			buildActionMask = 2147483647;
			files = (
				34D1B3600FAE76FE009F90F9 /* libsqlite3.0.dylib in Frameworks */,
				34FAABE81011487800B74477 /* Foundation.framework in Frameworks */,
				34FAABED101148BC00B74477 /* CoreGraphics.framework in Frameworks */,
				34FAABF2101148C400B74477 /* UIKit.framework in Frameworks */,
				34FAAC2D1011490B00B74477 /* CoreData.framework in Frameworks */,
			);
			runOnlyForDeploymentPostprocessing = 0;
		};
		348E18C30FA7DE1E00B75000 /* Frameworks */ = {
			isa = PBXFrameworksBuildPhase;
			buildActionMask = 2147483647;
			files = (
				348E18D10FA7DE7A00B75000 /* SenTestingKit.framework in Frameworks */,
				34D1B35F0FAE76FE009F90F9 /* libsqlite3.0.dylib in Frameworks */,
				34FAABE91011487800B74477 /* Foundation.framework in Frameworks */,
				34FAABEE101148BC00B74477 /* CoreGraphics.framework in Frameworks */,
				34FAABF3101148C400B74477 /* UIKit.framework in Frameworks */,
				34FAAC2E1011490B00B74477 /* CoreData.framework in Frameworks */,
			);
			runOnlyForDeploymentPostprocessing = 0;
		};
/* End PBXFrameworksBuildPhase section */

/* Begin PBXGroup section */
		080E96DDFE201D6D7F000001 /* Subviews */ = {
			isa = PBXGroup;
			children = (
				34205CAF0FB2641800A9F048 /* TextFieldController.h */,
				34205CB00FB2641800A9F048 /* TextFieldController.m */,
				34C51AC20FB92A9D0024A5CD /* EditProjectPicker.h */,
				34C51AC30FB92A9D0024A5CD /* EditProjectPicker.m */,
				345A19100FBA6F29000BBC22 /* TextViewCell.h */,
				345A19110FBA6F29000BBC22 /* TextViewCell.m */,
				3416EC220FC22C3D00D8BD53 /* TaskCell.h */,
				3416EC230FC22C3D00D8BD53 /* TaskCell.m */,
				3416EC240FC22C3D00D8BD53 /* TaskCellView.h */,
				3416EC250FC22C3D00D8BD53 /* TaskCellView.m */,
			);
			name = Subviews;
			path = Classes;
			sourceTree = "<group>";
		};
		19C28FACFE9D520D11CA2CBB /* Products */ = {
			isa = PBXGroup;
			children = (
				3490B9C20FA7DD60004195D9 /* DNZO.app */,
				348E18C60FA7DE1E00B75000 /* Test.octest */,
			);
			name = Products;
			sourceTree = "<group>";
		};
		29B97314FDCFA39411CA2CEA /* CustomTemplate */ = {
			isa = PBXGroup;
			children = (
				34174693101523BD00DEBB76 /* Models */,
				3490B9A60FA7DB15004195D9 /* DNZO_Prefix.pch */,
				29B97316FDCFA39411CA2CEA /* main.m */,
				1D3623240D0F684500981E51 /* DNZOAppDelegate.h */,
				1D3623250D0F684500981E51 /* DNZOAppDelegate.m */,
				3416ECEA0FC2567C00D8BD53 /* Main Views */,
				080E96DDFE201D6D7F000001 /* Subviews */,
				348E18D50FA7DE8D00B75000 /* Test Cases */,
				29B97317FDCFA39411CA2CEA /* Resources */,
				29B97323FDCFA39411CA2CEA /* Frameworks */,
				19C28FACFE9D520D11CA2CBB /* Products */,
				348E18C70FA7DE1E00B75000 /* Test-Info.plist */,
			);
			name = CustomTemplate;
			sourceTree = "<group>";
		};
		29B97317FDCFA39411CA2CEA /* Resources */ = {
			isa = PBXGroup;
			children = (
				34770B300FAFE4A300AD8397 /* MainWindow.xib */,
				34770B2F0FAFE4A300AD8397 /* ListView.xib */,
				341E1EFE0FB14F2900D5B454 /* TaskView.xib */,
				341E1EFD0FB14F2900D5B454 /* EditTaskView.xib */,
				8D1107310486CEB800E47090 /* Info.plist */,
				34770B430FAFE67B00AD8397 /* icon.png */,
				34B7D83C0FC3860600A91E43 /* checked.png */,
				34B7D83D0FC3860600A91E43 /* unchecked.png */,
				34FAAB28101141B700B74477 /* Tasks.xcdatamodel */,
			);
			name = Resources;
			sourceTree = "<group>";
		};
		29B97323FDCFA39411CA2CEA /* Frameworks */ = {
			isa = PBXGroup;
			children = (
				34FAAC2C1011490B00B74477 /* CoreData.framework */,
				34FAABF1101148C400B74477 /* UIKit.framework */,
				34FAABEC101148BC00B74477 /* CoreGraphics.framework */,
				34FAABE71011487800B74477 /* Foundation.framework */,
				34D1B35E0FAE76FE009F90F9 /* libsqlite3.0.dylib */,
				348E18D00FA7DE7A00B75000 /* SenTestingKit.framework */,
			);
			name = Frameworks;
			sourceTree = "<group>";
		};
		3416ECEA0FC2567C00D8BD53 /* Main Views */ = {
			isa = PBXGroup;
			children = (
				34770B280FAFE45B00AD8397 /* MainViewController.h */,
				34770B290FAFE45B00AD8397 /* MainViewController.m */,
				34770B260FAFE45B00AD8397 /* ListViewController.h */,
				34770B270FAFE45B00AD8397 /* ListViewController.m */,
				341E1E210FB138F000D5B454 /* TaskViewController.h */,
				341E1E220FB138F000D5B454 /* TaskViewController.m */,
				34770B580FAFED7000AD8397 /* EditViewController.h */,
				34770B590FAFED7000AD8397 /* EditViewController.m */,
			);
			name = "Main Views";
			sourceTree = "<group>";
		};
		34174693101523BD00DEBB76 /* Models */ = {
			isa = PBXGroup;
			children = (
				34174694101523BD00DEBB76 /* Context.h */,
				34174695101523BD00DEBB76 /* Context.m */,
				34174696101523BD00DEBB76 /* Project.h */,
				34174697101523BD00DEBB76 /* Project.m */,
				34174698101523BD00DEBB76 /* Task.h */,
				34174699101523BD00DEBB76 /* Task.m */,
				3494869610152A3B00DF81F3 /* TaskList.h */,
				3494869710152A3B00DF81F3 /* TaskList.m */,
			);
			path = Models;
			sourceTree = "<group>";
		};
		348E18D50FA7DE8D00B75000 /* Test Cases */ = {
			isa = PBXGroup;
			children = (
				34770B330FAFE4C200AD8397 /* TaskTest.h */,
				34770B340FAFE4C200AD8397 /* TaskTest.m */,
			);
			name = "Test Cases";
			sourceTree = "<group>";
		};
/* End PBXGroup section */

/* Begin PBXNativeTarget section */
		1D6058900D05DD3D006BFB54 /* DNZO */ = {
			isa = PBXNativeTarget;
			buildConfigurationList = 1D6058960D05DD3E006BFB54 /* Build configuration list for PBXNativeTarget "DNZO" */;
			buildPhases = (
				1D60588D0D05DD3D006BFB54 /* Resources */,
				1D60588E0D05DD3D006BFB54 /* Sources */,
				1D60588F0D05DD3D006BFB54 /* Frameworks */,
			);
			buildRules = (
			);
			dependencies = (
			);
			name = DNZO;
			productName = DNZO;
			productReference = 3490B9C20FA7DD60004195D9 /* DNZO.app */;
			productType = "com.apple.product-type.application";
		};
		348E18C50FA7DE1E00B75000 /* Test */ = {
			isa = PBXNativeTarget;
			buildConfigurationList = 348E18CA0FA7DE1F00B75000 /* Build configuration list for PBXNativeTarget "Test" */;
			buildPhases = (
				348E18C10FA7DE1E00B75000 /* Resources */,
				348E18C20FA7DE1E00B75000 /* Sources */,
				348E18C30FA7DE1E00B75000 /* Frameworks */,
				348E18C40FA7DE1E00B75000 /* ShellScript */,
			);
			buildRules = (
			);
			dependencies = (
			);
			name = Test;
			productName = Test;
			productReference = 348E18C60FA7DE1E00B75000 /* Test.octest */;
			productType = "com.apple.product-type.bundle";
		};
/* End PBXNativeTarget section */

/* Begin PBXProject section */
		29B97313FDCFA39411CA2CEA /* Project object */ = {
			isa = PBXProject;
			buildConfigurationList = C01FCF4E08A954540054247B /* Build configuration list for PBXProject "DNZO" */;
			compatibilityVersion = "Xcode 3.1";
			hasScannedForEncodings = 1;
			mainGroup = 29B97314FDCFA39411CA2CEA /* CustomTemplate */;
			projectDirPath = "";
			projectRoot = "";
			targets = (
				1D6058900D05DD3D006BFB54 /* DNZO */,
				348E18C50FA7DE1E00B75000 /* Test */,
			);
		};
/* End PBXProject section */

/* Begin PBXResourcesBuildPhase section */
		1D60588D0D05DD3D006BFB54 /* Resources */ = {
			isa = PBXResourcesBuildPhase;
			buildActionMask = 2147483647;
			files = (
				34770B310FAFE4A300AD8397 /* ListView.xib in Resources */,
				34770B320FAFE4A300AD8397 /* MainWindow.xib in Resources */,
				34770B440FAFE67B00AD8397 /* icon.png in Resources */,
				341E1F010FB14F2900D5B454 /* EditTaskView.xib in Resources */,
				341E1F020FB14F2900D5B454 /* TaskView.xib in Resources */,
				34B7D8400FC3860600A91E43 /* checked.png in Resources */,
				34B7D8410FC3860600A91E43 /* unchecked.png in Resources */,
			);
			runOnlyForDeploymentPostprocessing = 0;
		};
		348E18C10FA7DE1E00B75000 /* Resources */ = {
			isa = PBXResourcesBuildPhase;
			buildActionMask = 2147483647;
			files = (
				341E1EFF0FB14F2900D5B454 /* EditTaskView.xib in Resources */,
				341E1F000FB14F2900D5B454 /* TaskView.xib in Resources */,
				34B7D83E0FC3860600A91E43 /* checked.png in Resources */,
				34B7D83F0FC3860600A91E43 /* unchecked.png in Resources */,
			);
			runOnlyForDeploymentPostprocessing = 0;
		};
/* End PBXResourcesBuildPhase section */

/* Begin PBXShellScriptBuildPhase section */
		348E18C40FA7DE1E00B75000 /* ShellScript */ = {
			isa = PBXShellScriptBuildPhase;
			buildActionMask = 2147483647;
			files = (
			);
			inputPaths = (
			);
			outputPaths = (
			);
			runOnlyForDeploymentPostprocessing = 0;
			shellPath = /bin/sh;
			shellScript = "# Run the unit tests in this test bundle.\n\"${SYSTEM_DEVELOPER_DIR}/Tools/RunUnitTests\"\n";
		};
/* End PBXShellScriptBuildPhase section */

/* Begin PBXSourcesBuildPhase section */
		1D60588E0D05DD3D006BFB54 /* Sources */ = {
			isa = PBXSourcesBuildPhase;
			buildActionMask = 2147483647;
			files = (
				1D60589B0D05DD56006BFB54 /* main.m in Sources */,
				1D3623260D0F684500981E51 /* DNZOAppDelegate.m in Sources */,
				34770B2C0FAFE45B00AD8397 /* ListViewController.m in Sources */,
				34770B2D0FAFE45B00AD8397 /* MainViewController.m in Sources */,
				34770B5A0FAFED7000AD8397 /* EditViewController.m in Sources */,
				341E1E230FB138F000D5B454 /* TaskViewController.m in Sources */,
				34205CB20FB2641800A9F048 /* TextFieldController.m in Sources */,
				34C51AC50FB92A9D0024A5CD /* EditProjectPicker.m in Sources */,
				345A19130FBA6F29000BBC22 /* TextViewCell.m in Sources */,
				3416EC280FC22C3D00D8BD53 /* TaskCell.m in Sources */,
				3416EC290FC22C3D00D8BD53 /* TaskCellView.m in Sources */,
				34FAAB29101141B700B74477 /* Tasks.xcdatamodel in Sources */,
				341746A0101523BD00DEBB76 /* Context.m in Sources */,
				341746A1101523BD00DEBB76 /* Project.m in Sources */,
				341746A2101523BD00DEBB76 /* Task.m in Sources */,
				3494869810152A3B00DF81F3 /* TaskList.m in Sources */,
			);
			runOnlyForDeploymentPostprocessing = 0;
		};
		348E18C20FA7DE1E00B75000 /* Sources */ = {
			isa = PBXSourcesBuildPhase;
			buildActionMask = 2147483647;
			files = (
				34770B2A0FAFE45B00AD8397 /* ListViewController.m in Sources */,
				34770B2B0FAFE45B00AD8397 /* MainViewController.m in Sources */,
				34770B350FAFE4C200AD8397 /* TaskTest.m in Sources */,
				341E1E240FB138F000D5B454 /* TaskViewController.m in Sources */,
				34205CB10FB2641800A9F048 /* TextFieldController.m in Sources */,
				34C51AC40FB92A9D0024A5CD /* EditProjectPicker.m in Sources */,
				345A19120FBA6F29000BBC22 /* TextViewCell.m in Sources */,
				3416EC260FC22C3D00D8BD53 /* TaskCell.m in Sources */,
				3416EC270FC22C3D00D8BD53 /* TaskCellView.m in Sources */,
				34FAAB2A101141B700B74477 /* Tasks.xcdatamodel in Sources */,
				3417469C101523BD00DEBB76 /* Context.m in Sources */,
				3417469D101523BD00DEBB76 /* Project.m in Sources */,
				3417469E101523BD00DEBB76 /* Task.m in Sources */,
				3494869910152A3B00DF81F3 /* TaskList.m in Sources */,
			);
			runOnlyForDeploymentPostprocessing = 0;
		};
/* End PBXSourcesBuildPhase section */

/* Begin XCBuildConfiguration section */
		1D6058940D05DD3E006BFB54 /* Debug */ = {
			isa = XCBuildConfiguration;
			buildSettings = {
				ALWAYS_SEARCH_USER_PATHS = NO;
				COPY_PHASE_STRIP = NO;
				GCC_DYNAMIC_NO_PIC = NO;
				GCC_OPTIMIZATION_LEVEL = 0;
				GCC_PRECOMPILE_PREFIX_HEADER = YES;
				GCC_PREFIX_HEADER = DNZO_Prefix.pch;
				INFOPLIST_FILE = Info.plist;
				PRODUCT_NAME = DNZO;
			};
			name = Debug;
		};
		1D6058950D05DD3E006BFB54 /* Release */ = {
			isa = XCBuildConfiguration;
			buildSettings = {
				ALWAYS_SEARCH_USER_PATHS = NO;
				COPY_PHASE_STRIP = YES;
				GCC_PRECOMPILE_PREFIX_HEADER = YES;
				GCC_PREFIX_HEADER = DNZO_Prefix.pch;
				INFOPLIST_FILE = Info.plist;
				PRODUCT_NAME = DNZO;
			};
			name = Release;
		};
		348E18C80FA7DE1F00B75000 /* Debug */ = {
			isa = XCBuildConfiguration;
			buildSettings = {
				ALWAYS_SEARCH_USER_PATHS = NO;
				COPY_PHASE_STRIP = NO;
				FRAMEWORK_SEARCH_PATHS = "$(DEVELOPER_LIBRARY_DIR)/Frameworks";
				GCC_DYNAMIC_NO_PIC = NO;
				GCC_ENABLE_FIX_AND_CONTINUE = NO;
				GCC_ENABLE_OBJC_EXCEPTIONS = YES;
				GCC_MODEL_TUNING = G5;
				GCC_OPTIMIZATION_LEVEL = 0;
				GCC_PRECOMPILE_PREFIX_HEADER = YES;
				GCC_PREFIX_HEADER = DNZO_Prefix.pch;
				INFOPLIST_FILE = "Test-Info.plist";
				INSTALL_PATH = "$(USER_LIBRARY_DIR)/Bundles";
				ONLY_ACTIVE_ARCH = YES;
				OTHER_LDFLAGS = (
					"-framework",
					Foundation,
					"-framework",
					SenTestingKit,
				);
				PREBINDING = NO;
				PRODUCT_NAME = Test;
				WRAPPER_EXTENSION = octest;
			};
			name = Debug;
		};
		348E18C90FA7DE1F00B75000 /* Release */ = {
			isa = XCBuildConfiguration;
			buildSettings = {
				ALWAYS_SEARCH_USER_PATHS = NO;
				COPY_PHASE_STRIP = YES;
				DEBUG_INFORMATION_FORMAT = "dwarf-with-dsym";
				FRAMEWORK_SEARCH_PATHS = "$(DEVELOPER_LIBRARY_DIR)/Frameworks";
				GCC_ENABLE_FIX_AND_CONTINUE = NO;
				GCC_ENABLE_OBJC_EXCEPTIONS = YES;
				GCC_MODEL_TUNING = G5;
				GCC_PRECOMPILE_PREFIX_HEADER = YES;
				GCC_PREFIX_HEADER = DNZO_Prefix.pch;
				INFOPLIST_FILE = "Test-Info.plist";
				INSTALL_PATH = "$(USER_LIBRARY_DIR)/Bundles";
				ONLY_ACTIVE_ARCH = YES;
				OTHER_LDFLAGS = (
					"-framework",
					Foundation,
					"-framework",
					SenTestingKit,
				);
				PREBINDING = NO;
				PRODUCT_NAME = Test;
				WRAPPER_EXTENSION = octest;
				ZERO_LINK = NO;
			};
			name = Release;
		};
		C01FCF4F08A954540054247B /* Debug */ = {
			isa = XCBuildConfiguration;
			buildSettings = {
				ARCHS = "$(ARCHS_STANDARD_32_BIT)";
				"CODE_SIGN_IDENTITY[sdk=iphoneos*]" = "iPhone Developer";
				GCC_C_LANGUAGE_STANDARD = c99;
				GCC_WARN_ABOUT_RETURN_TYPE = YES;
				GCC_WARN_UNUSED_VARIABLE = YES;
				ONLY_ACTIVE_ARCH = YES;
				PREBINDING = NO;
				SDKROOT = iphoneos3.0;
			};
			name = Debug;
		};
		C01FCF5008A954540054247B /* Release */ = {
			isa = XCBuildConfiguration;
			buildSettings = {
				ARCHS = "$(ARCHS_STANDARD_32_BIT)";
				"CODE_SIGN_IDENTITY[sdk=iphoneos*]" = "iPhone Developer";
				GCC_C_LANGUAGE_STANDARD = c99;
				GCC_WARN_ABOUT_RETURN_TYPE = YES;
				GCC_WARN_UNUSED_VARIABLE = YES;
				PREBINDING = NO;
				SDKROOT = iphoneos3.0;
			};
			name = Release;
		};
/* End XCBuildConfiguration section */

/* Begin XCConfigurationList section */
		1D6058960D05DD3E006BFB54 /* Build configuration list for PBXNativeTarget "DNZO" */ = {
			isa = XCConfigurationList;
			buildConfigurations = (
				1D6058940D05DD3E006BFB54 /* Debug */,
				1D6058950D05DD3E006BFB54 /* Release */,
			);
			defaultConfigurationIsVisible = 0;
			defaultConfigurationName = Release;
		};
		348E18CA0FA7DE1F00B75000 /* Build configuration list for PBXNativeTarget "Test" */ = {
			isa = XCConfigurationList;
			buildConfigurations = (
				348E18C80FA7DE1F00B75000 /* Debug */,
				348E18C90FA7DE1F00B75000 /* Release */,
			);
			defaultConfigurationIsVisible = 0;
			defaultConfigurationName = Release;
		};
		C01FCF4E08A954540054247B /* Build configuration list for PBXProject "DNZO" */ = {
			isa = XCConfigurationList;
			buildConfigurations = (
				C01FCF4F08A954540054247B /* Debug */,
				C01FCF5008A954540054247B /* Release */,
			);
			defaultConfigurationIsVisible = 0;
			defaultConfigurationName = Release;
		};
/* End XCConfigurationList section */
	};
	rootObject = 29B97313FDCFA39411CA2CEA /* Project object */;
}
