// !$*UTF8*$!
{
	archiveVersion = 1;
	classes = {
	};
	objectVersion = 45;
	objects = {

/* Begin PBXBuildFile section */
		1D3623260D0F684500981E51 /* DNZOAppDelegate.m in Sources */ = {isa = PBXBuildFile; fileRef = 1D3623250D0F684500981E51 /* DNZOAppDelegate.m */; };
		1D60589B0D05DD56006BFB54 /* main.m in Sources */ = {isa = PBXBuildFile; fileRef = 29B97316FDCFA39411CA2CEA /* main.m */; };
		3412017010294BF200A0439E /* DonezoSyncMaster.m in Sources */ = {isa = PBXBuildFile; fileRef = 3412016F10294BF200A0439E /* DonezoSyncMaster.m */; };
		3412017110294BF200A0439E /* DonezoSyncMaster.m in Sources */ = {isa = PBXBuildFile; fileRef = 3412016F10294BF200A0439E /* DonezoSyncMaster.m */; };
		3412FD561027961B00A0439E /* NSDictionary+Donezo.m in Sources */ = {isa = PBXBuildFile; fileRef = 3412FD551027961B00A0439E /* NSDictionary+Donezo.m */; };
		3412FDD210279C1D00A0439E /* NSDictionary+Donezo.m in Sources */ = {isa = PBXBuildFile; fileRef = 3412FD551027961B00A0439E /* NSDictionary+Donezo.m */; };
		3416EC260FC22C3D00D8BD53 /* TaskCell.m in Sources */ = {isa = PBXBuildFile; fileRef = 3416EC230FC22C3D00D8BD53 /* TaskCell.m */; };
		3416EC270FC22C3D00D8BD53 /* TaskCellView.m in Sources */ = {isa = PBXBuildFile; fileRef = 3416EC250FC22C3D00D8BD53 /* TaskCellView.m */; };
		3416EC280FC22C3D00D8BD53 /* TaskCell.m in Sources */ = {isa = PBXBuildFile; fileRef = 3416EC230FC22C3D00D8BD53 /* TaskCell.m */; };
		3416EC290FC22C3D00D8BD53 /* TaskCellView.m in Sources */ = {isa = PBXBuildFile; fileRef = 3416EC250FC22C3D00D8BD53 /* TaskCellView.m */; };
		3417469C101523BD00DEBB76 /* Context.m in Sources */ = {isa = PBXBuildFile; fileRef = 34174695101523BD00DEBB76 /* Context.m */; };
		3417469D101523BD00DEBB76 /* Project.m in Sources */ = {isa = PBXBuildFile; fileRef = 34174697101523BD00DEBB76 /* Project.m */; };
		3417469E101523BD00DEBB76 /* Task.m in Sources */ = {isa = PBXBuildFile; fileRef = 34174699101523BD00DEBB76 /* Task.m */; };
		341746A0101523BD00DEBB76 /* Context.m in Sources */ = {isa = PBXBuildFile; fileRef = 34174695101523BD00DEBB76 /* Context.m */; };
		341746A1101523BD00DEBB76 /* Project.m in Sources */ = {isa = PBXBuildFile; fileRef = 34174697101523BD00DEBB76 /* Project.m */; };
		341746A2101523BD00DEBB76 /* Task.m in Sources */ = {isa = PBXBuildFile; fileRef = 34174699101523BD00DEBB76 /* Task.m */; };
		341E1E230FB138F000D5B454 /* TaskViewController.m in Sources */ = {isa = PBXBuildFile; fileRef = 341E1E220FB138F000D5B454 /* TaskViewController.m */; };
		341E1E240FB138F000D5B454 /* TaskViewController.m in Sources */ = {isa = PBXBuildFile; fileRef = 341E1E220FB138F000D5B454 /* TaskViewController.m */; };
		341E1F000FB14F2900D5B454 /* TaskView.xib in Resources */ = {isa = PBXBuildFile; fileRef = 341E1EFE0FB14F2900D5B454 /* TaskView.xib */; };
		341E1F020FB14F2900D5B454 /* TaskView.xib in Resources */ = {isa = PBXBuildFile; fileRef = 341E1EFE0FB14F2900D5B454 /* TaskView.xib */; };
		34205CB10FB2641800A9F048 /* TextFieldController.m in Sources */ = {isa = PBXBuildFile; fileRef = 34205CB00FB2641800A9F048 /* TextFieldController.m */; };
		34205CB20FB2641800A9F048 /* TextFieldController.m in Sources */ = {isa = PBXBuildFile; fileRef = 34205CB00FB2641800A9F048 /* TextFieldController.m */; };
		3452D4A31049CC26005C717C /* Entitlements.plist in Resources */ = {isa = PBXBuildFile; fileRef = 3452D4A21049CC26005C717C /* Entitlements.plist */; };
		345A19120FBA6F29000BBC22 /* TextViewCell.m in Sources */ = {isa = PBXBuildFile; fileRef = 345A19110FBA6F29000BBC22 /* TextViewCell.m */; };
		345A19130FBA6F29000BBC22 /* TextViewCell.m in Sources */ = {isa = PBXBuildFile; fileRef = 345A19110FBA6F29000BBC22 /* TextViewCell.m */; };
		34762C35104EF27700498704 /* DNZOAppDelegate.m in Sources */ = {isa = PBXBuildFile; fileRef = 1D3623250D0F684500981E51 /* DNZOAppDelegate.m */; };
		34770B2A0FAFE45B00AD8397 /* ListViewController.m in Sources */ = {isa = PBXBuildFile; fileRef = 34770B270FAFE45B00AD8397 /* ListViewController.m */; };
		34770B2B0FAFE45B00AD8397 /* MainViewController.m in Sources */ = {isa = PBXBuildFile; fileRef = 34770B290FAFE45B00AD8397 /* MainViewController.m */; };
		34770B2C0FAFE45B00AD8397 /* ListViewController.m in Sources */ = {isa = PBXBuildFile; fileRef = 34770B270FAFE45B00AD8397 /* ListViewController.m */; };
		34770B2D0FAFE45B00AD8397 /* MainViewController.m in Sources */ = {isa = PBXBuildFile; fileRef = 34770B290FAFE45B00AD8397 /* MainViewController.m */; };
		34770B310FAFE4A300AD8397 /* ListView.xib in Resources */ = {isa = PBXBuildFile; fileRef = 34770B2F0FAFE4A300AD8397 /* ListView.xib */; };
		34770B320FAFE4A300AD8397 /* MainWindow.xib in Resources */ = {isa = PBXBuildFile; fileRef = 34770B300FAFE4A300AD8397 /* MainWindow.xib */; };
		34770B440FAFE67B00AD8397 /* icon.png in Resources */ = {isa = PBXBuildFile; fileRef = 34770B430FAFE67B00AD8397 /* icon.png */; };
		3481B41A10165823003A2FC7 /* Settings.bundle in Resources */ = {isa = PBXBuildFile; fileRef = 3481B41910165823003A2FC7 /* Settings.bundle */; };
		3481B41B10165823003A2FC7 /* Settings.bundle in Resources */ = {isa = PBXBuildFile; fileRef = 3481B41910165823003A2FC7 /* Settings.bundle */; };
		3494869810152A3B00DF81F3 /* TaskList.m in Sources */ = {isa = PBXBuildFile; fileRef = 3494869710152A3B00DF81F3 /* TaskList.m */; };
		3494869910152A3B00DF81F3 /* TaskList.m in Sources */ = {isa = PBXBuildFile; fileRef = 3494869710152A3B00DF81F3 /* TaskList.m */; };
		34A282D8104DA3EB00F26A01 /* DonezoAPIClientTest.m in Sources */ = {isa = PBXBuildFile; fileRef = 34770B340FAFE4C200AD8397 /* DonezoAPIClientTest.m */; };
		34AF21F0102FC20B001FC4B7 /* MockDonezoAPIClient.m in Sources */ = {isa = PBXBuildFile; fileRef = 34AF21ED102FC20B001FC4B7 /* MockDonezoAPIClient.m */; };
		34B7D83E0FC3860600A91E43 /* checked.png in Resources */ = {isa = PBXBuildFile; fileRef = 34B7D83C0FC3860600A91E43 /* checked.png */; };
		34B7D83F0FC3860600A91E43 /* unchecked.png in Resources */ = {isa = PBXBuildFile; fileRef = 34B7D83D0FC3860600A91E43 /* unchecked.png */; };
		34B7D8400FC3860600A91E43 /* checked.png in Resources */ = {isa = PBXBuildFile; fileRef = 34B7D83C0FC3860600A91E43 /* checked.png */; };
		34B7D8410FC3860600A91E43 /* unchecked.png in Resources */ = {isa = PBXBuildFile; fileRef = 34B7D83D0FC3860600A91E43 /* unchecked.png */; };
		34C51AC40FB92A9D0024A5CD /* EditProjectPicker.m in Sources */ = {isa = PBXBuildFile; fileRef = 34C51AC30FB92A9D0024A5CD /* EditProjectPicker.m */; };
		34C51AC50FB92A9D0024A5CD /* EditProjectPicker.m in Sources */ = {isa = PBXBuildFile; fileRef = 34C51AC30FB92A9D0024A5CD /* EditProjectPicker.m */; };
		34E13DEA10225E54005A582E /* DonezoAPIClient.m in Sources */ = {isa = PBXBuildFile; fileRef = 34E13DE310225E54005A582E /* DonezoAPIClient.m */; };
		34E13DEB10225E54005A582E /* DonezoTask.m in Sources */ = {isa = PBXBuildFile; fileRef = 34E13DE510225E54005A582E /* DonezoTask.m */; };
		34E13DEC10225E54005A582E /* DonezoTaskList.m in Sources */ = {isa = PBXBuildFile; fileRef = 34E13DE710225E54005A582E /* DonezoTaskList.m */; };
		34E13DED10225E54005A582E /* GoogleAppEngineAuthenticator.m in Sources */ = {isa = PBXBuildFile; fileRef = 34E13DE910225E54005A582E /* GoogleAppEngineAuthenticator.m */; };
		34E13DEE10225E54005A582E /* DonezoAPIClient.m in Sources */ = {isa = PBXBuildFile; fileRef = 34E13DE310225E54005A582E /* DonezoAPIClient.m */; };
		34E13DEF10225E54005A582E /* DonezoTask.m in Sources */ = {isa = PBXBuildFile; fileRef = 34E13DE510225E54005A582E /* DonezoTask.m */; };
		34E13DF010225E54005A582E /* DonezoTaskList.m in Sources */ = {isa = PBXBuildFile; fileRef = 34E13DE710225E54005A582E /* DonezoTaskList.m */; };
		34E13DF110225E54005A582E /* GoogleAppEngineAuthenticator.m in Sources */ = {isa = PBXBuildFile; fileRef = 34E13DE910225E54005A582E /* GoogleAppEngineAuthenticator.m */; };
		34E13DF410225E75005A582E /* NSString+Donezo.m in Sources */ = {isa = PBXBuildFile; fileRef = 34E13DF310225E75005A582E /* NSString+Donezo.m */; };
		34E13DF510225E75005A582E /* NSString+Donezo.m in Sources */ = {isa = PBXBuildFile; fileRef = 34E13DF310225E75005A582E /* NSString+Donezo.m */; };
		34F60D1A101FE6DB00577EFA /* NSObject+SBJSON.m in Sources */ = {isa = PBXBuildFile; fileRef = 34F60D0F101FE6DB00577EFA /* NSObject+SBJSON.m */; };
		34F60D1B101FE6DB00577EFA /* NSString+SBJSON.m in Sources */ = {isa = PBXBuildFile; fileRef = 34F60D11101FE6DB00577EFA /* NSString+SBJSON.m */; };
		34F60D1C101FE6DB00577EFA /* SBJSON.m in Sources */ = {isa = PBXBuildFile; fileRef = 34F60D13101FE6DB00577EFA /* SBJSON.m */; };
		34F60D1D101FE6DB00577EFA /* SBJsonBase.m in Sources */ = {isa = PBXBuildFile; fileRef = 34F60D15101FE6DB00577EFA /* SBJsonBase.m */; };
		34F60D1E101FE6DB00577EFA /* SBJsonParser.m in Sources */ = {isa = PBXBuildFile; fileRef = 34F60D17101FE6DB00577EFA /* SBJsonParser.m */; };
		34F60D1F101FE6DB00577EFA /* SBJsonWriter.m in Sources */ = {isa = PBXBuildFile; fileRef = 34F60D19101FE6DB00577EFA /* SBJsonWriter.m */; };
		34F60D20101FE6DB00577EFA /* NSObject+SBJSON.m in Sources */ = {isa = PBXBuildFile; fileRef = 34F60D0F101FE6DB00577EFA /* NSObject+SBJSON.m */; };
		34F60D21101FE6DB00577EFA /* NSString+SBJSON.m in Sources */ = {isa = PBXBuildFile; fileRef = 34F60D11101FE6DB00577EFA /* NSString+SBJSON.m */; };
		34F60D22101FE6DB00577EFA /* SBJSON.m in Sources */ = {isa = PBXBuildFile; fileRef = 34F60D13101FE6DB00577EFA /* SBJSON.m */; };
		34F60D23101FE6DB00577EFA /* SBJsonBase.m in Sources */ = {isa = PBXBuildFile; fileRef = 34F60D15101FE6DB00577EFA /* SBJsonBase.m */; };
		34F60D24101FE6DB00577EFA /* SBJsonParser.m in Sources */ = {isa = PBXBuildFile; fileRef = 34F60D17101FE6DB00577EFA /* SBJsonParser.m */; };
		34F60D25101FE6DB00577EFA /* SBJsonWriter.m in Sources */ = {isa = PBXBuildFile; fileRef = 34F60D19101FE6DB00577EFA /* SBJsonWriter.m */; };
		34FAAB29101141B700B74477 /* Tasks.xcdatamodel in Sources */ = {isa = PBXBuildFile; fileRef = 34FAAB28101141B700B74477 /* Tasks.xcdatamodel */; };
		34FAAB2A101141B700B74477 /* Tasks.xcdatamodel in Sources */ = {isa = PBXBuildFile; fileRef = 34FAAB28101141B700B74477 /* Tasks.xcdatamodel */; };
		34FAABE81011487800B74477 /* Foundation.framework in Frameworks */ = {isa = PBXBuildFile; fileRef = 34FAABE71011487800B74477 /* Foundation.framework */; };
		34FAABE91011487800B74477 /* Foundation.framework in Frameworks */ = {isa = PBXBuildFile; fileRef = 34FAABE71011487800B74477 /* Foundation.framework */; };
		34FAABED101148BC00B74477 /* CoreGraphics.framework in Frameworks */ = {isa = PBXBuildFile; fileRef = 34FAABEC101148BC00B74477 /* CoreGraphics.framework */; };
		34FAABEE101148BC00B74477 /* CoreGraphics.framework in Frameworks */ = {isa = PBXBuildFile; fileRef = 34FAABEC101148BC00B74477 /* CoreGraphics.framework */; };
		34FAABF2101148C400B74477 /* UIKit.framework in Frameworks */ = {isa = PBXBuildFile; fileRef = 34FAABF1101148C400B74477 /* UIKit.framework */; };
		34FAABF3101148C400B74477 /* UIKit.framework in Frameworks */ = {isa = PBXBuildFile; fileRef = 34FAABF1101148C400B74477 /* UIKit.framework */; };
		34FAAC2D1011490B00B74477 /* CoreData.framework in Frameworks */ = {isa = PBXBuildFile; fileRef = 34FAAC2C1011490B00B74477 /* CoreData.framework */; };
		34FAAC2E1011490B00B74477 /* CoreData.framework in Frameworks */ = {isa = PBXBuildFile; fileRef = 34FAAC2C1011490B00B74477 /* CoreData.framework */; };
/* End PBXBuildFile section */

/* Begin PBXFileReference section */
		1D3623240D0F684500981E51 /* DNZOAppDelegate.h */ = {isa = PBXFileReference; fileEncoding = 4; lastKnownFileType = sourcecode.c.h; name = DNZOAppDelegate.h; path = Classes/DNZOAppDelegate.h; sourceTree = "<group>"; };
		1D3623250D0F684500981E51 /* DNZOAppDelegate.m */ = {isa = PBXFileReference; fileEncoding = 4; lastKnownFileType = sourcecode.c.objc; name = DNZOAppDelegate.m; path = Classes/DNZOAppDelegate.m; sourceTree = "<group>"; };
		29B97316FDCFA39411CA2CEA /* main.m */ = {isa = PBXFileReference; fileEncoding = 4; lastKnownFileType = sourcecode.c.objc; path = main.m; sourceTree = "<group>"; };
		3412016E10294BF200A0439E /* DonezoSyncMaster.h */ = {isa = PBXFileReference; fileEncoding = 4; lastKnownFileType = sourcecode.c.h; path = DonezoSyncMaster.h; sourceTree = "<group>"; };
		3412016F10294BF200A0439E /* DonezoSyncMaster.m */ = {isa = PBXFileReference; fileEncoding = 4; lastKnownFileType = sourcecode.c.objc; path = DonezoSyncMaster.m; sourceTree = "<group>"; };
		3412FD541027961B00A0439E /* NSDictionary+Donezo.h */ = {isa = PBXFileReference; fileEncoding = 4; lastKnownFileType = sourcecode.c.h; name = "NSDictionary+Donezo.h"; path = "DonezoAPI/NSDictionary+Donezo.h"; sourceTree = "<group>"; };
		3412FD551027961B00A0439E /* NSDictionary+Donezo.m */ = {isa = PBXFileReference; fileEncoding = 4; lastKnownFileType = sourcecode.c.objc; name = "NSDictionary+Donezo.m"; path = "DonezoAPI/NSDictionary+Donezo.m"; sourceTree = "<group>"; };
		3416EC220FC22C3D00D8BD53 /* TaskCell.h */ = {isa = PBXFileReference; fileEncoding = 4; lastKnownFileType = sourcecode.c.h; path = TaskCell.h; sourceTree = "<group>"; };
		3416EC230FC22C3D00D8BD53 /* TaskCell.m */ = {isa = PBXFileReference; fileEncoding = 4; lastKnownFileType = sourcecode.c.objc; path = TaskCell.m; sourceTree = "<group>"; };
		3416EC240FC22C3D00D8BD53 /* TaskCellView.h */ = {isa = PBXFileReference; fileEncoding = 4; lastKnownFileType = sourcecode.c.h; path = TaskCellView.h; sourceTree = "<group>"; };
		3416EC250FC22C3D00D8BD53 /* TaskCellView.m */ = {isa = PBXFileReference; fileEncoding = 4; lastKnownFileType = sourcecode.c.objc; path = TaskCellView.m; sourceTree = "<group>"; };
		34174694101523BD00DEBB76 /* Context.h */ = {isa = PBXFileReference; fileEncoding = 4; lastKnownFileType = sourcecode.c.h; path = Context.h; sourceTree = "<group>"; };
		34174695101523BD00DEBB76 /* Context.m */ = {isa = PBXFileReference; fileEncoding = 4; lastKnownFileType = sourcecode.c.objc; path = Context.m; sourceTree = "<group>"; };
		34174696101523BD00DEBB76 /* Project.h */ = {isa = PBXFileReference; fileEncoding = 4; lastKnownFileType = sourcecode.c.h; path = Project.h; sourceTree = "<group>"; };
		34174697101523BD00DEBB76 /* Project.m */ = {isa = PBXFileReference; fileEncoding = 4; lastKnownFileType = sourcecode.c.objc; path = Project.m; sourceTree = "<group>"; };
		34174698101523BD00DEBB76 /* Task.h */ = {isa = PBXFileReference; fileEncoding = 4; lastKnownFileType = sourcecode.c.h; path = Task.h; sourceTree = "<group>"; };
		34174699101523BD00DEBB76 /* Task.m */ = {isa = PBXFileReference; fileEncoding = 4; lastKnownFileType = sourcecode.c.objc; path = Task.m; sourceTree = "<group>"; };
		341E1E210FB138F000D5B454 /* TaskViewController.h */ = {isa = PBXFileReference; fileEncoding = 4; lastKnownFileType = sourcecode.c.h; name = TaskViewController.h; path = Classes/TaskViewController.h; sourceTree = "<group>"; };
		341E1E220FB138F000D5B454 /* TaskViewController.m */ = {isa = PBXFileReference; fileEncoding = 4; lastKnownFileType = sourcecode.c.objc; name = TaskViewController.m; path = Classes/TaskViewController.m; sourceTree = "<group>"; };
		341E1EFE0FB14F2900D5B454 /* TaskView.xib */ = {isa = PBXFileReference; lastKnownFileType = file.xib; name = TaskView.xib; path = Resources/TaskView.xib; sourceTree = "<group>"; };
		34205CAF0FB2641800A9F048 /* TextFieldController.h */ = {isa = PBXFileReference; fileEncoding = 4; lastKnownFileType = sourcecode.c.h; path = TextFieldController.h; sourceTree = "<group>"; };
		34205CB00FB2641800A9F048 /* TextFieldController.m */ = {isa = PBXFileReference; fileEncoding = 4; lastKnownFileType = sourcecode.c.objc; path = TextFieldController.m; sourceTree = "<group>"; };
		3452D4A21049CC26005C717C /* Entitlements.plist */ = {isa = PBXFileReference; fileEncoding = 4; lastKnownFileType = text.plist.xml; path = Entitlements.plist; sourceTree = "<group>"; };
		345A19100FBA6F29000BBC22 /* TextViewCell.h */ = {isa = PBXFileReference; fileEncoding = 4; lastKnownFileType = sourcecode.c.h; path = TextViewCell.h; sourceTree = "<group>"; };
		345A19110FBA6F29000BBC22 /* TextViewCell.m */ = {isa = PBXFileReference; fileEncoding = 4; lastKnownFileType = sourcecode.c.objc; path = TextViewCell.m; sourceTree = "<group>"; };
		34770B260FAFE45B00AD8397 /* ListViewController.h */ = {isa = PBXFileReference; fileEncoding = 4; lastKnownFileType = sourcecode.c.h; name = ListViewController.h; path = Classes/ListViewController.h; sourceTree = "<group>"; };
		34770B270FAFE45B00AD8397 /* ListViewController.m */ = {isa = PBXFileReference; fileEncoding = 4; lastKnownFileType = sourcecode.c.objc; name = ListViewController.m; path = Classes/ListViewController.m; sourceTree = "<group>"; };
		34770B280FAFE45B00AD8397 /* MainViewController.h */ = {isa = PBXFileReference; fileEncoding = 4; lastKnownFileType = sourcecode.c.h; name = MainViewController.h; path = Classes/MainViewController.h; sourceTree = "<group>"; };
		34770B290FAFE45B00AD8397 /* MainViewController.m */ = {isa = PBXFileReference; fileEncoding = 4; lastKnownFileType = sourcecode.c.objc; name = MainViewController.m; path = Classes/MainViewController.m; sourceTree = "<group>"; };
		34770B2F0FAFE4A300AD8397 /* ListView.xib */ = {isa = PBXFileReference; lastKnownFileType = file.xib; name = ListView.xib; path = Resources/ListView.xib; sourceTree = "<group>"; };
		34770B300FAFE4A300AD8397 /* MainWindow.xib */ = {isa = PBXFileReference; lastKnownFileType = file.xib; name = MainWindow.xib; path = Resources/MainWindow.xib; sourceTree = "<group>"; };
		34770B330FAFE4C200AD8397 /* DonezoAPIClientTest.h */ = {isa = PBXFileReference; fileEncoding = 4; lastKnownFileType = sourcecode.c.h; name = DonezoAPIClientTest.h; path = Test/DonezoAPIClientTest.h; sourceTree = "<group>"; };
		34770B340FAFE4C200AD8397 /* DonezoAPIClientTest.m */ = {isa = PBXFileReference; fileEncoding = 4; lastKnownFileType = sourcecode.c.objc; name = DonezoAPIClientTest.m; path = Test/DonezoAPIClientTest.m; sourceTree = "<group>"; };
		34770B430FAFE67B00AD8397 /* icon.png */ = {isa = PBXFileReference; lastKnownFileType = image.png; name = icon.png; path = Resources/icon.png; sourceTree = "<group>"; };
		3481B41910165823003A2FC7 /* Settings.bundle */ = {isa = PBXFileReference; lastKnownFileType = "wrapper.plug-in"; path = Settings.bundle; sourceTree = "<group>"; };
		348E18C60FA7DE1E00B75000 /* Test.octest */ = {isa = PBXFileReference; explicitFileType = wrapper.cfbundle; includeInIndex = 0; path = Test.octest; sourceTree = BUILT_PRODUCTS_DIR; };
		348E18C70FA7DE1E00B75000 /* Test-Info.plist */ = {isa = PBXFileReference; lastKnownFileType = text.plist.xml; path = "Test-Info.plist"; sourceTree = "<group>"; };
		3490B9A60FA7DB15004195D9 /* DNZO_Prefix.pch */ = {isa = PBXFileReference; fileEncoding = 4; lastKnownFileType = sourcecode.c.h; path = DNZO_Prefix.pch; sourceTree = "<group>"; };
		3490B9C20FA7DD60004195D9 /* Done-zo.app */ = {isa = PBXFileReference; explicitFileType = wrapper.application; includeInIndex = 0; path = "Done-zo.app"; sourceTree = BUILT_PRODUCTS_DIR; };
		3494869610152A3B00DF81F3 /* TaskList.h */ = {isa = PBXFileReference; fileEncoding = 4; lastKnownFileType = sourcecode.c.h; path = TaskList.h; sourceTree = "<group>"; };
		3494869710152A3B00DF81F3 /* TaskList.m */ = {isa = PBXFileReference; fileEncoding = 4; lastKnownFileType = sourcecode.c.objc; path = TaskList.m; sourceTree = "<group>"; };
		34AF21EC102FC20B001FC4B7 /* MockDonezoAPIClient.h */ = {isa = PBXFileReference; fileEncoding = 4; lastKnownFileType = sourcecode.c.h; name = MockDonezoAPIClient.h; path = Test/MockDonezoAPIClient.h; sourceTree = "<group>"; };
		34AF21ED102FC20B001FC4B7 /* MockDonezoAPIClient.m */ = {isa = PBXFileReference; fileEncoding = 4; lastKnownFileType = sourcecode.c.objc; name = MockDonezoAPIClient.m; path = Test/MockDonezoAPIClient.m; sourceTree = "<group>"; };
		34AF21EE102FC20B001FC4B7 /* SyncTest.h */ = {isa = PBXFileReference; fileEncoding = 4; lastKnownFileType = sourcecode.c.h; name = SyncTest.h; path = Test/SyncTest.h; sourceTree = "<group>"; };
		34AF21EF102FC20B001FC4B7 /* SyncTest.m */ = {isa = PBXFileReference; fileEncoding = 4; lastKnownFileType = sourcecode.c.objc; name = SyncTest.m; path = Test/SyncTest.m; sourceTree = "<group>"; };
		34B7D83C0FC3860600A91E43 /* checked.png */ = {isa = PBXFileReference; lastKnownFileType = image.png; name = checked.png; path = Resources/checked.png; sourceTree = "<group>"; };
		34B7D83D0FC3860600A91E43 /* unchecked.png */ = {isa = PBXFileReference; lastKnownFileType = image.png; name = unchecked.png; path = Resources/unchecked.png; sourceTree = "<group>"; };
		34C51AC20FB92A9D0024A5CD /* EditProjectPicker.h */ = {isa = PBXFileReference; fileEncoding = 4; lastKnownFileType = sourcecode.c.h; path = EditProjectPicker.h; sourceTree = "<group>"; };
		34C51AC30FB92A9D0024A5CD /* EditProjectPicker.m */ = {isa = PBXFileReference; fileEncoding = 4; lastKnownFileType = sourcecode.c.objc; path = EditProjectPicker.m; sourceTree = "<group>"; };
		34E13DE210225E54005A582E /* DonezoAPIClient.h */ = {isa = PBXFileReference; fileEncoding = 4; lastKnownFileType = sourcecode.c.h; name = DonezoAPIClient.h; path = DonezoAPI/DonezoAPIClient.h; sourceTree = "<group>"; };
		34E13DE310225E54005A582E /* DonezoAPIClient.m */ = {isa = PBXFileReference; fileEncoding = 4; lastKnownFileType = sourcecode.c.objc; name = DonezoAPIClient.m; path = DonezoAPI/DonezoAPIClient.m; sourceTree = "<group>"; };
		34E13DE410225E54005A582E /* DonezoTask.h */ = {isa = PBXFileReference; fileEncoding = 4; lastKnownFileType = sourcecode.c.h; name = DonezoTask.h; path = DonezoAPI/DonezoTask.h; sourceTree = "<group>"; };
		34E13DE510225E54005A582E /* DonezoTask.m */ = {isa = PBXFileReference; fileEncoding = 4; lastKnownFileType = sourcecode.c.objc; name = DonezoTask.m; path = DonezoAPI/DonezoTask.m; sourceTree = "<group>"; };
		34E13DE610225E54005A582E /* DonezoTaskList.h */ = {isa = PBXFileReference; fileEncoding = 4; lastKnownFileType = sourcecode.c.h; name = DonezoTaskList.h; path = DonezoAPI/DonezoTaskList.h; sourceTree = "<group>"; };
		34E13DE710225E54005A582E /* DonezoTaskList.m */ = {isa = PBXFileReference; fileEncoding = 4; lastKnownFileType = sourcecode.c.objc; name = DonezoTaskList.m; path = DonezoAPI/DonezoTaskList.m; sourceTree = "<group>"; };
		34E13DE810225E54005A582E /* GoogleAppEngineAuthenticator.h */ = {isa = PBXFileReference; fileEncoding = 4; lastKnownFileType = sourcecode.c.h; name = GoogleAppEngineAuthenticator.h; path = DonezoAPI/GoogleAppEngineAuthenticator.h; sourceTree = "<group>"; };
		34E13DE910225E54005A582E /* GoogleAppEngineAuthenticator.m */ = {isa = PBXFileReference; fileEncoding = 4; lastKnownFileType = sourcecode.c.objc; name = GoogleAppEngineAuthenticator.m; path = DonezoAPI/GoogleAppEngineAuthenticator.m; sourceTree = "<group>"; };
		34E13DF210225E75005A582E /* NSString+Donezo.h */ = {isa = PBXFileReference; fileEncoding = 4; lastKnownFileType = sourcecode.c.h; name = "NSString+Donezo.h"; path = "DonezoAPI/NSString+Donezo.h"; sourceTree = "<group>"; };
		34E13DF310225E75005A582E /* NSString+Donezo.m */ = {isa = PBXFileReference; fileEncoding = 4; lastKnownFileType = sourcecode.c.objc; name = "NSString+Donezo.m"; path = "DonezoAPI/NSString+Donezo.m"; sourceTree = "<group>"; };
		34F60D0D101FE6DB00577EFA /* JSON.h */ = {isa = PBXFileReference; fileEncoding = 4; lastKnownFileType = sourcecode.c.h; path = JSON.h; sourceTree = "<group>"; };
		34F60D0E101FE6DB00577EFA /* NSObject+SBJSON.h */ = {isa = PBXFileReference; fileEncoding = 4; lastKnownFileType = sourcecode.c.h; path = "NSObject+SBJSON.h"; sourceTree = "<group>"; };
		34F60D0F101FE6DB00577EFA /* NSObject+SBJSON.m */ = {isa = PBXFileReference; fileEncoding = 4; lastKnownFileType = sourcecode.c.objc; path = "NSObject+SBJSON.m"; sourceTree = "<group>"; };
		34F60D10101FE6DB00577EFA /* NSString+SBJSON.h */ = {isa = PBXFileReference; fileEncoding = 4; lastKnownFileType = sourcecode.c.h; path = "NSString+SBJSON.h"; sourceTree = "<group>"; };
		34F60D11101FE6DB00577EFA /* NSString+SBJSON.m */ = {isa = PBXFileReference; fileEncoding = 4; lastKnownFileType = sourcecode.c.objc; path = "NSString+SBJSON.m"; sourceTree = "<group>"; };
		34F60D12101FE6DB00577EFA /* SBJSON.h */ = {isa = PBXFileReference; fileEncoding = 4; lastKnownFileType = sourcecode.c.h; path = SBJSON.h; sourceTree = "<group>"; };
		34F60D13101FE6DB00577EFA /* SBJSON.m */ = {isa = PBXFileReference; fileEncoding = 4; lastKnownFileType = sourcecode.c.objc; path = SBJSON.m; sourceTree = "<group>"; };
		34F60D14101FE6DB00577EFA /* SBJsonBase.h */ = {isa = PBXFileReference; fileEncoding = 4; lastKnownFileType = sourcecode.c.h; path = SBJsonBase.h; sourceTree = "<group>"; };
		34F60D15101FE6DB00577EFA /* SBJsonBase.m */ = {isa = PBXFileReference; fileEncoding = 4; lastKnownFileType = sourcecode.c.objc; path = SBJsonBase.m; sourceTree = "<group>"; };
		34F60D16101FE6DB00577EFA /* SBJsonParser.h */ = {isa = PBXFileReference; fileEncoding = 4; lastKnownFileType = sourcecode.c.h; path = SBJsonParser.h; sourceTree = "<group>"; };
		34F60D17101FE6DB00577EFA /* SBJsonParser.m */ = {isa = PBXFileReference; fileEncoding = 4; lastKnownFileType = sourcecode.c.objc; path = SBJsonParser.m; sourceTree = "<group>"; };
		34F60D18101FE6DB00577EFA /* SBJsonWriter.h */ = {isa = PBXFileReference; fileEncoding = 4; lastKnownFileType = sourcecode.c.h; path = SBJsonWriter.h; sourceTree = "<group>"; };
		34F60D19101FE6DB00577EFA /* SBJsonWriter.m */ = {isa = PBXFileReference; fileEncoding = 4; lastKnownFileType = sourcecode.c.objc; path = SBJsonWriter.m; sourceTree = "<group>"; };
		34FAAB28101141B700B74477 /* Tasks.xcdatamodel */ = {isa = PBXFileReference; fileEncoding = 4; lastKnownFileType = wrapper.xcdatamodel; path = Tasks.xcdatamodel; sourceTree = "<group>"; };
		34FAABE71011487800B74477 /* Foundation.framework */ = {isa = PBXFileReference; lastKnownFileType = wrapper.framework; name = Foundation.framework; path = System/Library/Frameworks/Foundation.framework; sourceTree = SDKROOT; };
		34FAABEC101148BC00B74477 /* CoreGraphics.framework */ = {isa = PBXFileReference; lastKnownFileType = wrapper.framework; name = CoreGraphics.framework; path = System/Library/Frameworks/CoreGraphics.framework; sourceTree = SDKROOT; };
		34FAABF1101148C400B74477 /* UIKit.framework */ = {isa = PBXFileReference; lastKnownFileType = wrapper.framework; name = UIKit.framework; path = System/Library/Frameworks/UIKit.framework; sourceTree = SDKROOT; };
		34FAAC2C1011490B00B74477 /* CoreData.framework */ = {isa = PBXFileReference; lastKnownFileType = wrapper.framework; name = CoreData.framework; path = System/Library/Frameworks/CoreData.framework; sourceTree = SDKROOT; };
		8D1107310486CEB800E47090 /* Info.plist */ = {isa = PBXFileReference; fileEncoding = 4; lastKnownFileType = text.plist.xml; path = Info.plist; sourceTree = "<group>"; };
/* End PBXFileReference section */

/* Begin PBXFrameworksBuildPhase section */
		1D60588F0D05DD3D006BFB54 /* Frameworks */ = {
			isa = PBXFrameworksBuildPhase;
			buildActionMask = 2147483647;
			files = (
				34FAABE81011487800B74477 /* Foundation.framework in Frameworks */,
				34FAABED101148BC00B74477 /* CoreGraphics.framework in Frameworks */,
				34FAABF2101148C400B74477 /* UIKit.framework in Frameworks */,
				34FAAC2D1011490B00B74477 /* CoreData.framework in Frameworks */,
			);
			runOnlyForDeploymentPostprocessing = 0;
		};
		348E18C30FA7DE1E00B75000 /* Frameworks */ = {
			isa = PBXFrameworksBuildPhase;
			buildActionMask = 2147483647;
			files = (
				34FAABE91011487800B74477 /* Foundation.framework in Frameworks */,
				34FAABEE101148BC00B74477 /* CoreGraphics.framework in Frameworks */,
				34FAABF3101148C400B74477 /* UIKit.framework in Frameworks */,
				34FAAC2E1011490B00B74477 /* CoreData.framework in Frameworks */,
			);
			runOnlyForDeploymentPostprocessing = 0;
		};
/* End PBXFrameworksBuildPhase section */

/* Begin PBXGroup section */
		080E96DDFE201D6D7F000001 /* Subviews */ = {
			isa = PBXGroup;
			children = (
				34205CAF0FB2641800A9F048 /* TextFieldController.h */,
				34205CB00FB2641800A9F048 /* TextFieldController.m */,
				34C51AC20FB92A9D0024A5CD /* EditProjectPicker.h */,
				34C51AC30FB92A9D0024A5CD /* EditProjectPicker.m */,
				345A19100FBA6F29000BBC22 /* TextViewCell.h */,
				345A19110FBA6F29000BBC22 /* TextViewCell.m */,
				3416EC220FC22C3D00D8BD53 /* TaskCell.h */,
				3416EC230FC22C3D00D8BD53 /* TaskCell.m */,
				3416EC240FC22C3D00D8BD53 /* TaskCellView.h */,
				3416EC250FC22C3D00D8BD53 /* TaskCellView.m */,
			);
			name = Subviews;
			path = Classes;
			sourceTree = "<group>";
		};
		19C28FACFE9D520D11CA2CBB /* Products */ = {
			isa = PBXGroup;
			children = (
				3490B9C20FA7DD60004195D9 /* Done-zo.app */,
				348E18C60FA7DE1E00B75000 /* Test.octest */,
			);
			name = Products;
			sourceTree = "<group>";
		};
		29B97314FDCFA39411CA2CEA /* CustomTemplate */ = {
			isa = PBXGroup;
			children = (
				34F60D0C101FE6DB00577EFA /* JSON */,
				34E13BFB1017CA92005A582E /* Donezo API */,
				34174693101523BD00DEBB76 /* Models */,
				3490B9A60FA7DB15004195D9 /* DNZO_Prefix.pch */,
				29B97316FDCFA39411CA2CEA /* main.m */,
				1D3623240D0F684500981E51 /* DNZOAppDelegate.h */,
				1D3623250D0F684500981E51 /* DNZOAppDelegate.m */,
				3412016E10294BF200A0439E /* DonezoSyncMaster.h */,
				3412016F10294BF200A0439E /* DonezoSyncMaster.m */,
				3416ECEA0FC2567C00D8BD53 /* Main Views */,
				080E96DDFE201D6D7F000001 /* Subviews */,
				348E18D50FA7DE8D00B75000 /* Test Cases */,
				29B97317FDCFA39411CA2CEA /* Resources */,
				29B97323FDCFA39411CA2CEA /* Frameworks */,
				19C28FACFE9D520D11CA2CBB /* Products */,
				348E18C70FA7DE1E00B75000 /* Test-Info.plist */,
				3481B41910165823003A2FC7 /* Settings.bundle */,
			);
			name = CustomTemplate;
			sourceTree = "<group>";
		};
		29B97317FDCFA39411CA2CEA /* Resources */ = {
			isa = PBXGroup;
			children = (
				3452D4A21049CC26005C717C /* Entitlements.plist */,
				34770B300FAFE4A300AD8397 /* MainWindow.xib */,
				34770B2F0FAFE4A300AD8397 /* ListView.xib */,
				341E1EFE0FB14F2900D5B454 /* TaskView.xib */,
				8D1107310486CEB800E47090 /* Info.plist */,
				34770B430FAFE67B00AD8397 /* icon.png */,
				34B7D83C0FC3860600A91E43 /* checked.png */,
				34B7D83D0FC3860600A91E43 /* unchecked.png */,
				34FAAB28101141B700B74477 /* Tasks.xcdatamodel */,
			);
			name = Resources;
			sourceTree = "<group>";
		};
		29B97323FDCFA39411CA2CEA /* Frameworks */ = {
			isa = PBXGroup;
			children = (
				34FAAC2C1011490B00B74477 /* CoreData.framework */,
				34FAABF1101148C400B74477 /* UIKit.framework */,
				34FAABEC101148BC00B74477 /* CoreGraphics.framework */,
				34FAABE71011487800B74477 /* Foundation.framework */,
			);
			name = Frameworks;
			sourceTree = "<group>";
		};
		3416ECEA0FC2567C00D8BD53 /* Main Views */ = {
			isa = PBXGroup;
			children = (
				34770B280FAFE45B00AD8397 /* MainViewController.h */,
				34770B290FAFE45B00AD8397 /* MainViewController.m */,
				34770B260FAFE45B00AD8397 /* ListViewController.h */,
				34770B270FAFE45B00AD8397 /* ListViewController.m */,
				341E1E210FB138F000D5B454 /* TaskViewController.h */,
				341E1E220FB138F000D5B454 /* TaskViewController.m */,
			);
			name = "Main Views";
			sourceTree = "<group>";
		};
		34174693101523BD00DEBB76 /* Models */ = {
			isa = PBXGroup;
			children = (
				34174694101523BD00DEBB76 /* Context.h */,
				34174695101523BD00DEBB76 /* Context.m */,
				34174696101523BD00DEBB76 /* Project.h */,
				34174697101523BD00DEBB76 /* Project.m */,
				34174698101523BD00DEBB76 /* Task.h */,
				34174699101523BD00DEBB76 /* Task.m */,
				3494869610152A3B00DF81F3 /* TaskList.h */,
				3494869710152A3B00DF81F3 /* TaskList.m */,
			);
			path = Models;
			sourceTree = "<group>";
		};
		348E18D50FA7DE8D00B75000 /* Test Cases */ = {
			isa = PBXGroup;
			children = (
				34AF21EC102FC20B001FC4B7 /* MockDonezoAPIClient.h */,
				34AF21ED102FC20B001FC4B7 /* MockDonezoAPIClient.m */,
				34AF21EE102FC20B001FC4B7 /* SyncTest.h */,
				34AF21EF102FC20B001FC4B7 /* SyncTest.m */,
				34770B330FAFE4C200AD8397 /* DonezoAPIClientTest.h */,
				34770B340FAFE4C200AD8397 /* DonezoAPIClientTest.m */,
			);
			name = "Test Cases";
			sourceTree = "<group>";
		};
		34E13BFB1017CA92005A582E /* Donezo API */ = {
			isa = PBXGroup;
			children = (
				34E13DE210225E54005A582E /* DonezoAPIClient.h */,
				34E13DE310225E54005A582E /* DonezoAPIClient.m */,
				34E13DE410225E54005A582E /* DonezoTask.h */,
				34E13DE510225E54005A582E /* DonezoTask.m */,
				34E13DE610225E54005A582E /* DonezoTaskList.h */,
				34E13DE710225E54005A582E /* DonezoTaskList.m */,
				34E13DE810225E54005A582E /* GoogleAppEngineAuthenticator.h */,
				34E13DE910225E54005A582E /* GoogleAppEngineAuthenticator.m */,
				34E13DF210225E75005A582E /* NSString+Donezo.h */,
				34E13DF310225E75005A582E /* NSString+Donezo.m */,
				3412FD541027961B00A0439E /* NSDictionary+Donezo.h */,
				3412FD551027961B00A0439E /* NSDictionary+Donezo.m */,
			);
			name = "Donezo API";
			sourceTree = "<group>";
		};
		34F60D0C101FE6DB00577EFA /* JSON */ = {
			isa = PBXGroup;
			children = (
				34F60D0D101FE6DB00577EFA /* JSON.h */,
				34F60D0E101FE6DB00577EFA /* NSObject+SBJSON.h */,
				34F60D0F101FE6DB00577EFA /* NSObject+SBJSON.m */,
				34F60D10101FE6DB00577EFA /* NSString+SBJSON.h */,
				34F60D11101FE6DB00577EFA /* NSString+SBJSON.m */,
				34F60D12101FE6DB00577EFA /* SBJSON.h */,
				34F60D13101FE6DB00577EFA /* SBJSON.m */,
				34F60D14101FE6DB00577EFA /* SBJsonBase.h */,
				34F60D15101FE6DB00577EFA /* SBJsonBase.m */,
				34F60D16101FE6DB00577EFA /* SBJsonParser.h */,
				34F60D17101FE6DB00577EFA /* SBJsonParser.m */,
				34F60D18101FE6DB00577EFA /* SBJsonWriter.h */,
				34F60D19101FE6DB00577EFA /* SBJsonWriter.m */,
			);
			path = JSON;
			sourceTree = "<group>";
		};
/* End PBXGroup section */

/* Begin PBXNativeTarget section */
		1D6058900D05DD3D006BFB54 /* Done-zo */ = {
			isa = PBXNativeTarget;
			buildConfigurationList = 1D6058960D05DD3E006BFB54 /* Build configuration list for PBXNativeTarget "Done-zo" */;
			buildPhases = (
				1D60588D0D05DD3D006BFB54 /* Resources */,
				1D60588E0D05DD3D006BFB54 /* Sources */,
				1D60588F0D05DD3D006BFB54 /* Frameworks */,
			);
			buildRules = (
			);
			dependencies = (
			);
			name = "Done-zo";
			productName = DNZO;
			productReference = 3490B9C20FA7DD60004195D9 /* Done-zo.app */;
			productType = "com.apple.product-type.application";
		};
		348E18C50FA7DE1E00B75000 /* Test */ = {
			isa = PBXNativeTarget;
			buildConfigurationList = 348E18CA0FA7DE1F00B75000 /* Build configuration list for PBXNativeTarget "Test" */;
			buildPhases = (
				348E18C10FA7DE1E00B75000 /* Resources */,
				348E18C20FA7DE1E00B75000 /* Sources */,
				348E18C30FA7DE1E00B75000 /* Frameworks */,
				348E18C40FA7DE1E00B75000 /* ShellScript */,
			);
			buildRules = (
			);
			dependencies = (
			);
			name = Test;
			productName = Test;
			productReference = 348E18C60FA7DE1E00B75000 /* Test.octest */;
			productType = "com.apple.product-type.bundle";
		};
/* End PBXNativeTarget section */

/* Begin PBXProject section */
		29B97313FDCFA39411CA2CEA /* Project object */ = {
			isa = PBXProject;
			buildConfigurationList = C01FCF4E08A954540054247B /* Build configuration list for PBXProject "DNZO" */;
			compatibilityVersion = "Xcode 3.1";
			hasScannedForEncodings = 1;
			mainGroup = 29B97314FDCFA39411CA2CEA /* CustomTemplate */;
			projectDirPath = "";
			projectRoot = "";
			targets = (
				1D6058900D05DD3D006BFB54 /* Done-zo */,
				348E18C50FA7DE1E00B75000 /* Test */,
			);
		};
/* End PBXProject section */

/* Begin PBXResourcesBuildPhase section */
		1D60588D0D05DD3D006BFB54 /* Resources */ = {
			isa = PBXResourcesBuildPhase;
			buildActionMask = 2147483647;
			files = (
				34770B310FAFE4A300AD8397 /* ListView.xib in Resources */,
				34770B320FAFE4A300AD8397 /* MainWindow.xib in Resources */,
				34770B440FAFE67B00AD8397 /* icon.png in Resources */,
				341E1F020FB14F2900D5B454 /* TaskView.xib in Resources */,
				34B7D8400FC3860600A91E43 /* checked.png in Resources */,
				34B7D8410FC3860600A91E43 /* unchecked.png in Resources */,
				3481B41B10165823003A2FC7 /* Settings.bundle in Resources */,
				3452D4A31049CC26005C717C /* Entitlements.plist in Resources */,
			);
			runOnlyForDeploymentPostprocessing = 0;
		};
		348E18C10FA7DE1E00B75000 /* Resources */ = {
			isa = PBXResourcesBuildPhase;
			buildActionMask = 2147483647;
			files = (
				341E1F000FB14F2900D5B454 /* TaskView.xib in Resources */,
				34B7D83E0FC3860600A91E43 /* checked.png in Resources */,
				34B7D83F0FC3860600A91E43 /* unchecked.png in Resources */,
				3481B41A10165823003A2FC7 /* Settings.bundle in Resources */,
			);
			runOnlyForDeploymentPostprocessing = 0;
		};
/* End PBXResourcesBuildPhase section */

/* Begin PBXShellScriptBuildPhase section */
		348E18C40FA7DE1E00B75000 /* ShellScript */ = {
			isa = PBXShellScriptBuildPhase;
			buildActionMask = 2147483647;
			files = (
			);
			inputPaths = (
			);
			outputPaths = (
			);
			runOnlyForDeploymentPostprocessing = 0;
			shellPath = /bin/sh;
			shellScript = "\"${SYSTEM_DEVELOPER_DIR}/Tools/RunUnitTests\"";
		};
/* End PBXShellScriptBuildPhase section */

/* Begin PBXSourcesBuildPhase section */
		1D60588E0D05DD3D006BFB54 /* Sources */ = {
			isa = PBXSourcesBuildPhase;
			buildActionMask = 2147483647;
			files = (
				1D60589B0D05DD56006BFB54 /* main.m in Sources */,
				1D3623260D0F684500981E51 /* DNZOAppDelegate.m in Sources */,
				34770B2C0FAFE45B00AD8397 /* ListViewController.m in Sources */,
				34770B2D0FAFE45B00AD8397 /* MainViewController.m in Sources */,
				341E1E230FB138F000D5B454 /* TaskViewController.m in Sources */,
				34205CB20FB2641800A9F048 /* TextFieldController.m in Sources */,
				34C51AC50FB92A9D0024A5CD /* EditProjectPicker.m in Sources */,
				345A19130FBA6F29000BBC22 /* TextViewCell.m in Sources */,
				3416EC280FC22C3D00D8BD53 /* TaskCell.m in Sources */,
				3416EC290FC22C3D00D8BD53 /* TaskCellView.m in Sources */,
				34FAAB29101141B700B74477 /* Tasks.xcdatamodel in Sources */,
				341746A0101523BD00DEBB76 /* Context.m in Sources */,
				341746A1101523BD00DEBB76 /* Project.m in Sources */,
				341746A2101523BD00DEBB76 /* Task.m in Sources */,
				3494869810152A3B00DF81F3 /* TaskList.m in Sources */,
				34F60D20101FE6DB00577EFA /* NSObject+SBJSON.m in Sources */,
				34F60D21101FE6DB00577EFA /* NSString+SBJSON.m in Sources */,
				34F60D22101FE6DB00577EFA /* SBJSON.m in Sources */,
				34F60D23101FE6DB00577EFA /* SBJsonBase.m in Sources */,
				34F60D24101FE6DB00577EFA /* SBJsonParser.m in Sources */,
				34F60D25101FE6DB00577EFA /* SBJsonWriter.m in Sources */,
				34E13DEE10225E54005A582E /* DonezoAPIClient.m in Sources */,
				34E13DEF10225E54005A582E /* DonezoTask.m in Sources */,
				34E13DF010225E54005A582E /* DonezoTaskList.m in Sources */,
				34E13DF110225E54005A582E /* GoogleAppEngineAuthenticator.m in Sources */,
				34E13DF510225E75005A582E /* NSString+Donezo.m in Sources */,
				3412FD561027961B00A0439E /* NSDictionary+Donezo.m in Sources */,
				3412017010294BF200A0439E /* DonezoSyncMaster.m in Sources */,
			);
			runOnlyForDeploymentPostprocessing = 0;
		};
		348E18C20FA7DE1E00B75000 /* Sources */ = {
			isa = PBXSourcesBuildPhase;
			buildActionMask = 2147483647;
			files = (
				3412FDD210279C1D00A0439E /* NSDictionary+Donezo.m in Sources */,
				34770B2A0FAFE45B00AD8397 /* ListViewController.m in Sources */,
				34770B2B0FAFE45B00AD8397 /* MainViewController.m in Sources */,
				341E1E240FB138F000D5B454 /* TaskViewController.m in Sources */,
				34205CB10FB2641800A9F048 /* TextFieldController.m in Sources */,
				34C51AC40FB92A9D0024A5CD /* EditProjectPicker.m in Sources */,
				345A19120FBA6F29000BBC22 /* TextViewCell.m in Sources */,
				3416EC260FC22C3D00D8BD53 /* TaskCell.m in Sources */,
				3416EC270FC22C3D00D8BD53 /* TaskCellView.m in Sources */,
				34FAAB2A101141B700B74477 /* Tasks.xcdatamodel in Sources */,
				3417469C101523BD00DEBB76 /* Context.m in Sources */,
				3417469D101523BD00DEBB76 /* Project.m in Sources */,
				3417469E101523BD00DEBB76 /* Task.m in Sources */,
				3494869910152A3B00DF81F3 /* TaskList.m in Sources */,
				34F60D1A101FE6DB00577EFA /* NSObject+SBJSON.m in Sources */,
				34F60D1B101FE6DB00577EFA /* NSString+SBJSON.m in Sources */,
				34F60D1C101FE6DB00577EFA /* SBJSON.m in Sources */,
				34F60D1D101FE6DB00577EFA /* SBJsonBase.m in Sources */,
				34F60D1E101FE6DB00577EFA /* SBJsonParser.m in Sources */,
				34F60D1F101FE6DB00577EFA /* SBJsonWriter.m in Sources */,
				34E13DEA10225E54005A582E /* DonezoAPIClient.m in Sources */,
				34E13DEB10225E54005A582E /* DonezoTask.m in Sources */,
				34E13DEC10225E54005A582E /* DonezoTaskList.m in Sources */,
				34E13DED10225E54005A582E /* GoogleAppEngineAuthenticator.m in Sources */,
				34E13DF410225E75005A582E /* NSString+Donezo.m in Sources */,
				3412017110294BF200A0439E /* DonezoSyncMaster.m in Sources */,
				34AF21F0102FC20B001FC4B7 /* MockDonezoAPIClient.m in Sources */,
				34A282D8104DA3EB00F26A01 /* DonezoAPIClientTest.m in Sources */,
				34762C35104EF27700498704 /* DNZOAppDelegate.m in Sources */,
			);
			runOnlyForDeploymentPostprocessing = 0;
		};
/* End PBXSourcesBuildPhase section */

/* Begin XCBuildConfiguration section */
		1D6058940D05DD3E006BFB54 /* Debug */ = {
			isa = XCBuildConfiguration;
			buildSettings = {
				ALWAYS_SEARCH_USER_PATHS = NO;
				COPY_PHASE_STRIP = NO;
				GCC_DYNAMIC_NO_PIC = NO;
				GCC_OPTIMIZATION_LEVEL = 0;
				GCC_PRECOMPILE_PREFIX_HEADER = YES;
				GCC_PREFIX_HEADER = DNZO_Prefix.pch;
				INFOPLIST_FILE = Info.plist;
				PRODUCT_NAME = "Done-zo";
			};
			name = Debug;
		};
		1D6058950D05DD3E006BFB54 /* Release */ = {
			isa = XCBuildConfiguration;
			buildSettings = {
				ALWAYS_SEARCH_USER_PATHS = NO;
				COPY_PHASE_STRIP = YES;
				GCC_PRECOMPILE_PREFIX_HEADER = YES;
				GCC_PREFIX_HEADER = DNZO_Prefix.pch;
				INFOPLIST_FILE = Info.plist;
				PRODUCT_NAME = "Done-zo";
			};
			name = Release;
		};
		348E18C80FA7DE1F00B75000 /* Debug */ = {
			isa = XCBuildConfiguration;
			buildSettings = {
				ALWAYS_SEARCH_USER_PATHS = NO;
				COPY_PHASE_STRIP = NO;
				FRAMEWORK_SEARCH_PATHS = "$(DEVELOPER_LIBRARY_DIR)/Frameworks";
				GCC_DYNAMIC_NO_PIC = NO;
				GCC_ENABLE_FIX_AND_CONTINUE = NO;
				GCC_ENABLE_OBJC_EXCEPTIONS = YES;
				GCC_MODEL_TUNING = G5;
				GCC_OPTIMIZATION_LEVEL = 0;
				GCC_PRECOMPILE_PREFIX_HEADER = YES;
				GCC_PREFIX_HEADER = DNZO_Prefix.pch;
				INFOPLIST_FILE = "Test-Info.plist";
				INSTALL_PATH = "$(USER_LIBRARY_DIR)/Bundles";
				ONLY_ACTIVE_ARCH = YES;
				OTHER_LDFLAGS = (
					"-framework",
					Foundation,
					"-framework",
					SenTestingKit,
				);
				PREBINDING = NO;
				PRODUCT_NAME = Test;
				WRAPPER_EXTENSION = octest;
			};
			name = Debug;
		};
		348E18C90FA7DE1F00B75000 /* Release */ = {
			isa = XCBuildConfiguration;
			buildSettings = {
				ALWAYS_SEARCH_USER_PATHS = NO;
				COPY_PHASE_STRIP = YES;
				DEBUG_INFORMATION_FORMAT = "dwarf-with-dsym";
				FRAMEWORK_SEARCH_PATHS = "$(DEVELOPER_LIBRARY_DIR)/Frameworks";
				GCC_ENABLE_FIX_AND_CONTINUE = NO;
				GCC_ENABLE_OBJC_EXCEPTIONS = YES;
				GCC_MODEL_TUNING = G5;
				GCC_PRECOMPILE_PREFIX_HEADER = YES;
				GCC_PREFIX_HEADER = DNZO_Prefix.pch;
				INFOPLIST_FILE = "Test-Info.plist";
				INSTALL_PATH = "$(USER_LIBRARY_DIR)/Bundles";
				ONLY_ACTIVE_ARCH = YES;
				OTHER_LDFLAGS = (
					"-framework",
					Foundation,
					"-framework",
					SenTestingKit,
				);
				PREBINDING = NO;
				PRODUCT_NAME = Test;
				WRAPPER_EXTENSION = octest;
				ZERO_LINK = NO;
			};
			name = Release;
		};
		C01FCF4F08A954540054247B /* Debug */ = {
			isa = XCBuildConfiguration;
			buildSettings = {
				ARCHS = "$(ARCHS_STANDARD_32_BIT)";
				CODE_SIGN_ENTITLEMENTS = Entitlements.plist;
				"CODE_SIGN_IDENTITY[sdk=iphoneos*]" = "iPhone Developer";
				GCC_C_LANGUAGE_STANDARD = c99;
				GCC_WARN_ABOUT_RETURN_TYPE = YES;
				GCC_WARN_UNUSED_VARIABLE = YES;
				ONLY_ACTIVE_ARCH = YES;
				PREBINDING = NO;
				SDKROOT = iphoneos3.0;
			};
			name = Debug;
		};
		C01FCF5008A954540054247B /* Release */ = {
			isa = XCBuildConfiguration;
			buildSettings = {
				ARCHS = "$(ARCHS_STANDARD_32_BIT)";
				CODE_SIGN_ENTITLEMENTS = Entitlements.plist;
				"CODE_SIGN_IDENTITY[sdk=iphoneos*]" = "iPhone Developer";
				GCC_C_LANGUAGE_STANDARD = c99;
				GCC_WARN_ABOUT_RETURN_TYPE = YES;
				GCC_WARN_UNUSED_VARIABLE = YES;
				PREBINDING = NO;
				SDKROOT = iphoneos3.0;
			};
			name = Release;
		};
/* End XCBuildConfiguration section */

/* Begin XCConfigurationList section */
		1D6058960D05DD3E006BFB54 /* Build configuration list for PBXNativeTarget "Done-zo" */ = {
			isa = XCConfigurationList;
			buildConfigurations = (
				1D6058940D05DD3E006BFB54 /* Debug */,
				1D6058950D05DD3E006BFB54 /* Release */,
			);
			defaultConfigurationIsVisible = 0;
			defaultConfigurationName = Release;
		};
		348E18CA0FA7DE1F00B75000 /* Build configuration list for PBXNativeTarget "Test" */ = {
			isa = XCConfigurationList;
			buildConfigurations = (
				348E18C80FA7DE1F00B75000 /* Debug */,
				348E18C90FA7DE1F00B75000 /* Release */,
			);
			defaultConfigurationIsVisible = 0;
			defaultConfigurationName = Release;
		};
		C01FCF4E08A954540054247B /* Build configuration list for PBXProject "DNZO" */ = {
			isa = XCConfigurationList;
			buildConfigurations = (
				C01FCF4F08A954540054247B /* Debug */,
				C01FCF5008A954540054247B /* Release */,
			);
			defaultConfigurationIsVisible = 0;
			defaultConfigurationName = Release;
		};
/* End XCConfigurationList section */
	};
	rootObject = 29B97313FDCFA39411CA2CEA /* Project object */;
}
